// !$*UTF8*$!
{
	archiveVersion = 1;
	classes = {
	};
	objectVersion = 56;
	objects = {

/* Begin PBXBuildFile section */
		4EAD957ABBA2FBA751767A71 /* Pods_Neostore.framework in Frameworks */ = {isa = PBXBuildFile; fileRef = E21B896DB864914425C3FD52 /* Pods_Neostore.framework */; };
		612AD7A39FEE79B325D3230B /* Pods_Neostore_NeostoreUITests.framework in Frameworks */ = {isa = PBXBuildFile; fileRef = F9E5F2FC87CC3690729F5FE6 /* Pods_Neostore_NeostoreUITests.framework */; };
		920FB7862A9504AF007C5E8C /* CartViewController.swift in Sources */ = {isa = PBXBuildFile; fileRef = 920FB7842A9504AF007C5E8C /* CartViewController.swift */; };
		920FB7872A9504AF007C5E8C /* CartViewController.xib in Resources */ = {isa = PBXBuildFile; fileRef = 920FB7852A9504AF007C5E8C /* CartViewController.xib */; };
		920FB7992A951699007C5E8C /* ProductDetailsCartCell.swift in Sources */ = {isa = PBXBuildFile; fileRef = 920FB7972A951699007C5E8C /* ProductDetailsCartCell.swift */; };
		920FB79A2A951699007C5E8C /* ProductDetailsCartCell.xib in Resources */ = {isa = PBXBuildFile; fileRef = 920FB7982A951699007C5E8C /* ProductDetailsCartCell.xib */; };
		920FB79D2A9516EA007C5E8C /* CartTotalCell.swift in Sources */ = {isa = PBXBuildFile; fileRef = 920FB79B2A9516EA007C5E8C /* CartTotalCell.swift */; };
		920FB79E2A9516EA007C5E8C /* CartTotalCell.xib in Resources */ = {isa = PBXBuildFile; fileRef = 920FB79C2A9516EA007C5E8C /* CartTotalCell.xib */; };
		920FB7A22A9517E2007C5E8C /* CartOrderCell.swift in Sources */ = {isa = PBXBuildFile; fileRef = 920FB7A02A9517E2007C5E8C /* CartOrderCell.swift */; };
		920FB7A32A9517E2007C5E8C /* CartOrderCell.xib in Resources */ = {isa = PBXBuildFile; fileRef = 920FB7A12A9517E2007C5E8C /* CartOrderCell.xib */; };
		920FB7A52A95360D007C5E8C /* LoginPageViewModel.swift in Sources */ = {isa = PBXBuildFile; fileRef = 920FB7A42A95360D007C5E8C /* LoginPageViewModel.swift */; };
		920FB7AD2A953A19007C5E8C /* loginServices.swift in Sources */ = {isa = PBXBuildFile; fileRef = 920FB7AC2A953A19007C5E8C /* loginServices.swift */; };
		922FA9792A8E418D00D30014 /* RegisterViewController.swift in Sources */ = {isa = PBXBuildFile; fileRef = 922FA9772A8E418D00D30014 /* RegisterViewController.swift */; };
		922FA97A2A8E418D00D30014 /* RegisterViewController.xib in Resources */ = {isa = PBXBuildFile; fileRef = 922FA9782A8E418D00D30014 /* RegisterViewController.xib */; };
		923BE1392A9603CD006354BF /* ApiService.swift in Sources */ = {isa = PBXBuildFile; fileRef = 923BE1382A9603CD006354BF /* ApiService.swift */; };
		923BE13B2A9603F6006354BF /* ApiManager.swift in Sources */ = {isa = PBXBuildFile; fileRef = 923BE13A2A9603F6006354BF /* ApiManager.swift */; };
		923BE1422A964C41006354BF /* Validation.swift in Sources */ = {isa = PBXBuildFile; fileRef = 923BE1412A964C41006354BF /* Validation.swift */; };
		923DA9642A9203F4007016EA /* SideMenuViewController.swift in Sources */ = {isa = PBXBuildFile; fileRef = 923DA9622A9203F4007016EA /* SideMenuViewController.swift */; };
		923DA9652A9203F4007016EA /* SideMenuViewController.xib in Resources */ = {isa = PBXBuildFile; fileRef = 923DA9632A9203F4007016EA /* SideMenuViewController.xib */; };
		923DA96D2A920749007016EA /* HomeViewController.swift in Sources */ = {isa = PBXBuildFile; fileRef = 923DA96B2A920749007016EA /* HomeViewController.swift */; };
		923DA96E2A920749007016EA /* HomeViewController.xib in Resources */ = {isa = PBXBuildFile; fileRef = 923DA96C2A920749007016EA /* HomeViewController.xib */; };
		923DA9742A922C9D007016EA /* SideMenuTableViewCell.swift in Sources */ = {isa = PBXBuildFile; fileRef = 923DA9722A922C9D007016EA /* SideMenuTableViewCell.swift */; };
		923DA9752A922C9D007016EA /* SideMenuTableViewCell.xib in Resources */ = {isa = PBXBuildFile; fileRef = 923DA9732A922C9D007016EA /* SideMenuTableViewCell.xib */; };
		923DA97A2A923FB2007016EA /* CartTableViewCell.swift in Sources */ = {isa = PBXBuildFile; fileRef = 923DA9782A923FB2007016EA /* CartTableViewCell.swift */; };
		923DA97B2A923FB2007016EA /* CartTableViewCell.xib in Resources */ = {isa = PBXBuildFile; fileRef = 923DA9792A923FB2007016EA /* CartTableViewCell.xib */; };
		923DA97F2A925D9A007016EA /* ProductViewController.swift in Sources */ = {isa = PBXBuildFile; fileRef = 923DA97D2A925D9A007016EA /* ProductViewController.swift */; };
		923DA9802A925D9A007016EA /* ProductViewController.xib in Resources */ = {isa = PBXBuildFile; fileRef = 923DA97E2A925D9A007016EA /* ProductViewController.xib */; };
		924449B72A8E192B00481CFD /* AppDelegate.swift in Sources */ = {isa = PBXBuildFile; fileRef = 924449B62A8E192B00481CFD /* AppDelegate.swift */; };
		924449B92A8E192B00481CFD /* SceneDelegate.swift in Sources */ = {isa = PBXBuildFile; fileRef = 924449B82A8E192B00481CFD /* SceneDelegate.swift */; };
		924449BB2A8E192B00481CFD /* ViewController.swift in Sources */ = {isa = PBXBuildFile; fileRef = 924449BA2A8E192B00481CFD /* ViewController.swift */; };
		924449BE2A8E192B00481CFD /* Main.storyboard in Resources */ = {isa = PBXBuildFile; fileRef = 924449BC2A8E192B00481CFD /* Main.storyboard */; };
		924449C02A8E192D00481CFD /* Assets.xcassets in Resources */ = {isa = PBXBuildFile; fileRef = 924449BF2A8E192C00481CFD /* Assets.xcassets */; };
		924449C32A8E192D00481CFD /* LaunchScreen.storyboard in Resources */ = {isa = PBXBuildFile; fileRef = 924449C12A8E192D00481CFD /* LaunchScreen.storyboard */; };
		924449CE2A8E192D00481CFD /* NeostoreTests.swift in Sources */ = {isa = PBXBuildFile; fileRef = 924449CD2A8E192D00481CFD /* NeostoreTests.swift */; };
		924449D82A8E192D00481CFD /* NeostoreUITests.swift in Sources */ = {isa = PBXBuildFile; fileRef = 924449D72A8E192D00481CFD /* NeostoreUITests.swift */; };
		924449DA2A8E192D00481CFD /* NeostoreUITestsLaunchTests.swift in Sources */ = {isa = PBXBuildFile; fileRef = 924449D92A8E192D00481CFD /* NeostoreUITestsLaunchTests.swift */; };
		9264CEA92A9F24F50046E732 /* NavigationController.swift in Sources */ = {isa = PBXBuildFile; fileRef = 9264CEA82A9F24F50046E732 /* NavigationController.swift */; };
		9292F0E52AA09D9800851195 /* ProductDetailsOrderViewController.swift in Sources */ = {isa = PBXBuildFile; fileRef = 9292F0E32AA09D9800851195 /* ProductDetailsOrderViewController.swift */; };
		9292F0E62AA09D9800851195 /* ProductDetailsOrderViewController.xib in Resources */ = {isa = PBXBuildFile; fileRef = 9292F0E42AA09D9800851195 /* ProductDetailsOrderViewController.xib */; };
		929483E32A97397400CA3C51 /* Alert.swift in Sources */ = {isa = PBXBuildFile; fileRef = 929483E22A97397400CA3C51 /* Alert.swift */; };
		9294843F2A977E3400CA3C51 /* ProductModel.swift in Sources */ = {isa = PBXBuildFile; fileRef = 9294843E2A977E3400CA3C51 /* ProductModel.swift */; };
		929484412A977E4700CA3C51 /* ProductServices.swift in Sources */ = {isa = PBXBuildFile; fileRef = 929484402A977E4700CA3C51 /* ProductServices.swift */; };
		929524522A8F3608004C2089 /* HomeCollectionViewCell.swift in Sources */ = {isa = PBXBuildFile; fileRef = 929524502A8F3608004C2089 /* HomeCollectionViewCell.swift */; };
		929524532A8F3608004C2089 /* HomeCollectionViewCell.xib in Resources */ = {isa = PBXBuildFile; fileRef = 929524512A8F3608004C2089 /* HomeCollectionViewCell.xib */; };
		929867A52A94ACF400E2DF59 /* ProductDetailsTitleCell.swift in Sources */ = {isa = PBXBuildFile; fileRef = 929867A32A94ACF400E2DF59 /* ProductDetailsTitleCell.swift */; };
		929867A62A94ACF400E2DF59 /* ProductDetailsTitleCell.xib in Resources */ = {isa = PBXBuildFile; fileRef = 929867A42A94ACF400E2DF59 /* ProductDetailsTitleCell.xib */; };
		929867A92A94AD1800E2DF59 /* ProductDetailsImageCell.swift in Sources */ = {isa = PBXBuildFile; fileRef = 929867A72A94AD1800E2DF59 /* ProductDetailsImageCell.swift */; };
		929867AA2A94AD1800E2DF59 /* ProductDetailsImageCell.xib in Resources */ = {isa = PBXBuildFile; fileRef = 929867A82A94AD1800E2DF59 /* ProductDetailsImageCell.xib */; };
		929867B12A94AD9000E2DF59 /* ProductDetailsBuynowCell.swift in Sources */ = {isa = PBXBuildFile; fileRef = 929867AF2A94AD9000E2DF59 /* ProductDetailsBuynowCell.swift */; };
		929867B22A94AD9000E2DF59 /* ProductDetailsBuynowCell.xib in Resources */ = {isa = PBXBuildFile; fileRef = 929867B02A94AD9000E2DF59 /* ProductDetailsBuynowCell.xib */; };
		92988DB32A95CD9D00DA4135 /* RegistrationService.swift in Sources */ = {isa = PBXBuildFile; fileRef = 92988DB22A95CD9D00DA4135 /* RegistrationService.swift */; };
		92988DB52A95CE2200DA4135 /* RegisterPageViewModel.swift in Sources */ = {isa = PBXBuildFile; fileRef = 92988DB42A95CE2200DA4135 /* RegisterPageViewModel.swift */; };
		92988DB72A95CE5B00DA4135 /* UserModel.swift in Sources */ = {isa = PBXBuildFile; fileRef = 92988DB62A95CE5B00DA4135 /* UserModel.swift */; };
		9299181C2A933A1700E379EA /* ProductDetailsController.swift in Sources */ = {isa = PBXBuildFile; fileRef = 9299181A2A933A1700E379EA /* ProductDetailsController.swift */; };
		9299181D2A933A1700E379EA /* ProductDetailsController.xib in Resources */ = {isa = PBXBuildFile; fileRef = 9299181B2A933A1700E379EA /* ProductDetailsController.xib */; };
		929A9F792AA1C9A1007B36F3 /* RateViewModel.swift in Sources */ = {isa = PBXBuildFile; fileRef = 929A9F782AA1C9A1007B36F3 /* RateViewModel.swift */; };
		929A9F7B2AA1C9BD007B36F3 /* OrderViewModel.swift in Sources */ = {isa = PBXBuildFile; fileRef = 929A9F7A2AA1C9BD007B36F3 /* OrderViewModel.swift */; };
		929A9F7D2AA1CAB2007B36F3 /* RatingService.swift in Sources */ = {isa = PBXBuildFile; fileRef = 929A9F7C2AA1CAB2007B36F3 /* RatingService.swift */; };
		929A9F7F2AA1CB4B007B36F3 /* OrderService.swift in Sources */ = {isa = PBXBuildFile; fileRef = 929A9F7E2AA1CB4B007B36F3 /* OrderService.swift */; };
		929A9F812AA1CC29007B36F3 /* RatingModel.swift in Sources */ = {isa = PBXBuildFile; fileRef = 929A9F802AA1CC29007B36F3 /* RatingModel.swift */; };
		929A9F832AA1CC4C007B36F3 /* OrderModel.swift in Sources */ = {isa = PBXBuildFile; fileRef = 929A9F822AA1CC4C007B36F3 /* OrderModel.swift */; };
		929C527D2A9C972C00E98F18 /* ProductDetailsViewModel.swift in Sources */ = {isa = PBXBuildFile; fileRef = 929C527C2A9C972C00E98F18 /* ProductDetailsViewModel.swift */; };
		92A817232A93888000341144 /* CategoryCollectionCell.swift in Sources */ = {isa = PBXBuildFile; fileRef = 92A817212A93888000341144 /* CategoryCollectionCell.swift */; };
		92A817242A93888000341144 /* CategoryCollectionCell.xib in Resources */ = {isa = PBXBuildFile; fileRef = 92A817222A93888000341144 /* CategoryCollectionCell.xib */; };
		92AC4CEA2A9FC04F0086A1E9 /* ImageCollectionviewCell.swift in Sources */ = {isa = PBXBuildFile; fileRef = 92AC4CE82A9FC04F0086A1E9 /* ImageCollectionviewCell.swift */; };
		92AC4CEB2A9FC04F0086A1E9 /* ImageCollectionviewCell.xib in Resources */ = {isa = PBXBuildFile; fileRef = 92AC4CE92A9FC04F0086A1E9 /* ImageCollectionviewCell.xib */; };
		92AED7B22AA4D4ED00B68CA7 /* DataReload.swift in Sources */ = {isa = PBXBuildFile; fileRef = 92AED7B12AA4D4ED00B68CA7 /* DataReload.swift */; };
		92AED7B42AA4E18100B68CA7 /* CartViewModel.swift in Sources */ = {isa = PBXBuildFile; fileRef = 92AED7B32AA4E18100B68CA7 /* CartViewModel.swift */; };
		92AED7B62AA4F1A300B68CA7 /* CartService.swift in Sources */ = {isa = PBXBuildFile; fileRef = 92AED7B52AA4F1A300B68CA7 /* CartService.swift */; };
		92C285712A9274BF0043D1C6 /* ProductTableViewCell.swift in Sources */ = {isa = PBXBuildFile; fileRef = 92C2856F2A9274BF0043D1C6 /* ProductTableViewCell.swift */; };
		92C285722A9274BF0043D1C6 /* ProductTableViewCell.xib in Resources */ = {isa = PBXBuildFile; fileRef = 92C285702A9274BF0043D1C6 /* ProductTableViewCell.xib */; };
		92C655862AA0C8D000A80C0A /* ProductDetailsRateController.swift in Sources */ = {isa = PBXBuildFile; fileRef = 92C655842AA0C8D000A80C0A /* ProductDetailsRateController.swift */; };
		92C655872AA0C8D000A80C0A /* ProductDetailsRateController.xib in Resources */ = {isa = PBXBuildFile; fileRef = 92C655852AA0C8D000A80C0A /* ProductDetailsRateController.xib */; };
		92C655892AA112B100A80C0A /* userDefaults.swift in Sources */ = {isa = PBXBuildFile; fileRef = 92C655882AA112B100A80C0A /* userDefaults.swift */; };
		92D5B9242A9BAC8700D03C5C /* ProdCategoryViewModel.swift in Sources */ = {isa = PBXBuildFile; fileRef = 92D5B9232A9BAC8700D03C5C /* ProdCategoryViewModel.swift */; };
		92D6EB862A8E1EE200838A15 /* LoginViewController.swift in Sources */ = {isa = PBXBuildFile; fileRef = 92D6EB842A8E1EE200838A15 /* LoginViewController.swift */; };
		92D6EB872A8E1EE200838A15 /* LoginViewController.xib in Resources */ = {isa = PBXBuildFile; fileRef = 92D6EB852A8E1EE200838A15 /* LoginViewController.xib */; };
		92E48DA12AA33E5600822F8C /* OrderIdListCell.swift in Sources */ = {isa = PBXBuildFile; fileRef = 92E48D9F2AA33E5600822F8C /* OrderIdListCell.swift */; };
		92E48DA22AA33E5600822F8C /* OrderIdListCell.xib in Resources */ = {isa = PBXBuildFile; fileRef = 92E48DA02AA33E5600822F8C /* OrderIdListCell.xib */; };
		92E48DA52AA33E7700822F8C /* OrderIdTotalCell.swift in Sources */ = {isa = PBXBuildFile; fileRef = 92E48DA32AA33E7700822F8C /* OrderIdTotalCell.swift */; };
		92E48DA62AA33E7700822F8C /* OrderIdTotalCell.xib in Resources */ = {isa = PBXBuildFile; fileRef = 92E48DA42AA33E7700822F8C /* OrderIdTotalCell.xib */; };
		92E48DA92AA3446700822F8C /* StoreLocatorViewController.swift in Sources */ = {isa = PBXBuildFile; fileRef = 92E48DA72AA3446700822F8C /* StoreLocatorViewController.swift */; };
		92E48DAA2AA3446700822F8C /* StoreLocatorViewController.xib in Resources */ = {isa = PBXBuildFile; fileRef = 92E48DA82AA3446700822F8C /* StoreLocatorViewController.xib */; };
		92E48DAE2AA3452500822F8C /* AddressCell.swift in Sources */ = {isa = PBXBuildFile; fileRef = 92E48DAC2AA3452500822F8C /* AddressCell.swift */; };
		92E48DAF2AA3452500822F8C /* AddressCell.xib in Resources */ = {isa = PBXBuildFile; fileRef = 92E48DAD2AA3452500822F8C /* AddressCell.xib */; };
		92E48DB22AA34EDB00822F8C /* ResetPassViewController.swift in Sources */ = {isa = PBXBuildFile; fileRef = 92E48DB02AA34EDB00822F8C /* ResetPassViewController.swift */; };
		92E48DB32AA34EDB00822F8C /* ResetPassViewController.xib in Resources */ = {isa = PBXBuildFile; fileRef = 92E48DB12AA34EDB00822F8C /* ResetPassViewController.xib */; };
		92E48DB92AA35A8E00822F8C /* MyAccountViewController.swift in Sources */ = {isa = PBXBuildFile; fileRef = 92E48DB72AA35A8E00822F8C /* MyAccountViewController.swift */; };
		92E48DBA2AA35A8E00822F8C /* MyAccountViewController.xib in Resources */ = {isa = PBXBuildFile; fileRef = 92E48DB82AA35A8E00822F8C /* MyAccountViewController.xib */; };
		92E48DBD2AA35ACB00822F8C /* AccountEditViewController.swift in Sources */ = {isa = PBXBuildFile; fileRef = 92E48DBB2AA35ACB00822F8C /* AccountEditViewController.swift */; };
		92E48DBE2AA35ACB00822F8C /* AccountEditViewController.xib in Resources */ = {isa = PBXBuildFile; fileRef = 92E48DBC2AA35ACB00822F8C /* AccountEditViewController.xib */; };
		92E48DC22AA3B00D00822F8C /* SideMenuViewmodel.swift in Sources */ = {isa = PBXBuildFile; fileRef = 92E48DC12AA3B00D00822F8C /* SideMenuViewmodel.swift */; };
		92E48DC42AA3B7B400822F8C /* AccountModel.swift in Sources */ = {isa = PBXBuildFile; fileRef = 92E48DC32AA3B7B400822F8C /* AccountModel.swift */; };
		92E48DC72AA3BC5300822F8C /* SideMenuService.swift in Sources */ = {isa = PBXBuildFile; fileRef = 92E48DC62AA3BC5300822F8C /* SideMenuService.swift */; };
		92E891142AA2FD120099980C /* AddAddressLandMarkCell.swift in Sources */ = {isa = PBXBuildFile; fileRef = 92E891122AA2FD120099980C /* AddAddressLandMarkCell.swift */; };
		92E891152AA2FD120099980C /* AddAddressLandMarkCell.xib in Resources */ = {isa = PBXBuildFile; fileRef = 92E891132AA2FD120099980C /* AddAddressLandMarkCell.xib */; };
		92E8911C2AA2FD820099980C /* AddAddressCityStateCell.swift in Sources */ = {isa = PBXBuildFile; fileRef = 92E8911A2AA2FD820099980C /* AddAddressCityStateCell.swift */; };
		92E8911D2AA2FD820099980C /* AddAddressCityStateCell.xib in Resources */ = {isa = PBXBuildFile; fileRef = 92E8911B2AA2FD820099980C /* AddAddressCityStateCell.xib */; };
		92E891242AA2FDD50099980C /* AddAddressSaveAddressCell.swift in Sources */ = {isa = PBXBuildFile; fileRef = 92E891222AA2FDD50099980C /* AddAddressSaveAddressCell.swift */; };
		92E891252AA2FDD50099980C /* AddAddressSaveAddressCell.xib in Resources */ = {isa = PBXBuildFile; fileRef = 92E891232AA2FDD50099980C /* AddAddressSaveAddressCell.xib */; };
		92E891322AA30BBC0099980C /* AddAddressController.swift in Sources */ = {isa = PBXBuildFile; fileRef = 92E891302AA30BBC0099980C /* AddAddressController.swift */; };
		92E891332AA30BBC0099980C /* AddAddressController.xib in Resources */ = {isa = PBXBuildFile; fileRef = 92E891312AA30BBC0099980C /* AddAddressController.xib */; };
		92E891362AA30D090099980C /* AddAdressCell.swift in Sources */ = {isa = PBXBuildFile; fileRef = 92E891342AA30D090099980C /* AddAdressCell.swift */; };
		92E891372AA30D090099980C /* AddAdressCell.xib in Resources */ = {isa = PBXBuildFile; fileRef = 92E891352AA30D090099980C /* AddAdressCell.xib */; };
		92E8913A2AA326F80099980C /* AddressListViewController.swift in Sources */ = {isa = PBXBuildFile; fileRef = 92E891382AA326F80099980C /* AddressListViewController.swift */; };
		92E8913B2AA326F80099980C /* AddressListViewController.xib in Resources */ = {isa = PBXBuildFile; fileRef = 92E891392AA326F80099980C /* AddressListViewController.xib */; };
		92E8913F2AA329240099980C /* AddressListCell.swift in Sources */ = {isa = PBXBuildFile; fileRef = 92E8913D2AA329240099980C /* AddressListCell.swift */; };
		92E891402AA329240099980C /* AddressListCell.xib in Resources */ = {isa = PBXBuildFile; fileRef = 92E8913E2AA329240099980C /* AddressListCell.xib */; };
		92E891452AA32B9E0099980C /* FirstViewCell.swift in Sources */ = {isa = PBXBuildFile; fileRef = 92E891432AA32B9E0099980C /* FirstViewCell.swift */; };
		92E891462AA32B9E0099980C /* FirstViewCell.xib in Resources */ = {isa = PBXBuildFile; fileRef = 92E891442AA32B9E0099980C /* FirstViewCell.xib */; };
		92E8914A2AA32C500099980C /* PlaceOrderCell.swift in Sources */ = {isa = PBXBuildFile; fileRef = 92E891482AA32C500099980C /* PlaceOrderCell.swift */; };
		92E8914B2AA32C500099980C /* PlaceOrderCell.xib in Resources */ = {isa = PBXBuildFile; fileRef = 92E891492AA32C500099980C /* PlaceOrderCell.xib */; };
		92E8914E2AA3369A0099980C /* MyOrdersViewController.swift in Sources */ = {isa = PBXBuildFile; fileRef = 92E8914C2AA3369A0099980C /* MyOrdersViewController.swift */; };
		92E8914F2AA3369A0099980C /* MyOrdersViewController.xib in Resources */ = {isa = PBXBuildFile; fileRef = 92E8914D2AA3369A0099980C /* MyOrdersViewController.xib */; };
		92E891532AA337A00099980C /* OrderIdCell.swift in Sources */ = {isa = PBXBuildFile; fileRef = 92E891512AA337A00099980C /* OrderIdCell.swift */; };
		92E891542AA337A00099980C /* OrderIdCell.xib in Resources */ = {isa = PBXBuildFile; fileRef = 92E891522AA337A00099980C /* OrderIdCell.xib */; };
		92E891592AA33C370099980C /* OrderIdViewController.swift in Sources */ = {isa = PBXBuildFile; fileRef = 92E891572AA33C370099980C /* OrderIdViewController.swift */; };
		92E8915A2AA33C370099980C /* OrderIdViewController.xib in Resources */ = {isa = PBXBuildFile; fileRef = 92E891582AA33C370099980C /* OrderIdViewController.xib */; };
		AE3891318D3A1AC6B1310F90 /* Pods_NeostoreTests.framework in Frameworks */ = {isa = PBXBuildFile; fileRef = 1CDED545F75472A5477E5E2D /* Pods_NeostoreTests.framework */; };
/* End PBXBuildFile section */

/* Begin PBXContainerItemProxy section */
		924449CA2A8E192D00481CFD /* PBXContainerItemProxy */ = {
			isa = PBXContainerItemProxy;
			containerPortal = 924449AB2A8E192B00481CFD /* Project object */;
			proxyType = 1;
			remoteGlobalIDString = 924449B22A8E192B00481CFD;
			remoteInfo = Neostore;
		};
		924449D42A8E192D00481CFD /* PBXContainerItemProxy */ = {
			isa = PBXContainerItemProxy;
			containerPortal = 924449AB2A8E192B00481CFD /* Project object */;
			proxyType = 1;
			remoteGlobalIDString = 924449B22A8E192B00481CFD;
			remoteInfo = Neostore;
		};
/* End PBXContainerItemProxy section */

/* Begin PBXFileReference section */
		1CDED545F75472A5477E5E2D /* Pods_NeostoreTests.framework */ = {isa = PBXFileReference; explicitFileType = wrapper.framework; includeInIndex = 0; path = Pods_NeostoreTests.framework; sourceTree = BUILT_PRODUCTS_DIR; };
		4D2A400BF4F307A430A23A39 /* Pods-Neostore.release.xcconfig */ = {isa = PBXFileReference; includeInIndex = 1; lastKnownFileType = text.xcconfig; name = "Pods-Neostore.release.xcconfig"; path = "Target Support Files/Pods-Neostore/Pods-Neostore.release.xcconfig"; sourceTree = "<group>"; };
		920FB7842A9504AF007C5E8C /* CartViewController.swift */ = {isa = PBXFileReference; lastKnownFileType = sourcecode.swift; path = CartViewController.swift; sourceTree = "<group>"; };
		920FB7852A9504AF007C5E8C /* CartViewController.xib */ = {isa = PBXFileReference; lastKnownFileType = file.xib; path = CartViewController.xib; sourceTree = "<group>"; };
		920FB7972A951699007C5E8C /* ProductDetailsCartCell.swift */ = {isa = PBXFileReference; lastKnownFileType = sourcecode.swift; path = ProductDetailsCartCell.swift; sourceTree = "<group>"; };
		920FB7982A951699007C5E8C /* ProductDetailsCartCell.xib */ = {isa = PBXFileReference; lastKnownFileType = file.xib; path = ProductDetailsCartCell.xib; sourceTree = "<group>"; };
		920FB79B2A9516EA007C5E8C /* CartTotalCell.swift */ = {isa = PBXFileReference; lastKnownFileType = sourcecode.swift; path = CartTotalCell.swift; sourceTree = "<group>"; };
		920FB79C2A9516EA007C5E8C /* CartTotalCell.xib */ = {isa = PBXFileReference; lastKnownFileType = file.xib; path = CartTotalCell.xib; sourceTree = "<group>"; };
		920FB7A02A9517E2007C5E8C /* CartOrderCell.swift */ = {isa = PBXFileReference; lastKnownFileType = sourcecode.swift; path = CartOrderCell.swift; sourceTree = "<group>"; };
		920FB7A12A9517E2007C5E8C /* CartOrderCell.xib */ = {isa = PBXFileReference; lastKnownFileType = file.xib; path = CartOrderCell.xib; sourceTree = "<group>"; };
		920FB7A42A95360D007C5E8C /* LoginPageViewModel.swift */ = {isa = PBXFileReference; lastKnownFileType = sourcecode.swift; path = LoginPageViewModel.swift; sourceTree = "<group>"; };
		920FB7AC2A953A19007C5E8C /* loginServices.swift */ = {isa = PBXFileReference; lastKnownFileType = sourcecode.swift; path = loginServices.swift; sourceTree = "<group>"; };
		922FA9772A8E418D00D30014 /* RegisterViewController.swift */ = {isa = PBXFileReference; lastKnownFileType = sourcecode.swift; path = RegisterViewController.swift; sourceTree = "<group>"; };
		922FA9782A8E418D00D30014 /* RegisterViewController.xib */ = {isa = PBXFileReference; lastKnownFileType = file.xib; path = RegisterViewController.xib; sourceTree = "<group>"; };
		923BE1382A9603CD006354BF /* ApiService.swift */ = {isa = PBXFileReference; lastKnownFileType = sourcecode.swift; path = ApiService.swift; sourceTree = "<group>"; };
		923BE13A2A9603F6006354BF /* ApiManager.swift */ = {isa = PBXFileReference; lastKnownFileType = sourcecode.swift; path = ApiManager.swift; sourceTree = "<group>"; };
		923BE1412A964C41006354BF /* Validation.swift */ = {isa = PBXFileReference; lastKnownFileType = sourcecode.swift; path = Validation.swift; sourceTree = "<group>"; };
		923DA9622A9203F4007016EA /* SideMenuViewController.swift */ = {isa = PBXFileReference; lastKnownFileType = sourcecode.swift; path = SideMenuViewController.swift; sourceTree = "<group>"; };
		923DA9632A9203F4007016EA /* SideMenuViewController.xib */ = {isa = PBXFileReference; lastKnownFileType = file.xib; path = SideMenuViewController.xib; sourceTree = "<group>"; };
		923DA96B2A920749007016EA /* HomeViewController.swift */ = {isa = PBXFileReference; lastKnownFileType = sourcecode.swift; path = HomeViewController.swift; sourceTree = "<group>"; };
		923DA96C2A920749007016EA /* HomeViewController.xib */ = {isa = PBXFileReference; lastKnownFileType = file.xib; path = HomeViewController.xib; sourceTree = "<group>"; };
		923DA9722A922C9D007016EA /* SideMenuTableViewCell.swift */ = {isa = PBXFileReference; lastKnownFileType = sourcecode.swift; path = SideMenuTableViewCell.swift; sourceTree = "<group>"; };
		923DA9732A922C9D007016EA /* SideMenuTableViewCell.xib */ = {isa = PBXFileReference; lastKnownFileType = file.xib; path = SideMenuTableViewCell.xib; sourceTree = "<group>"; };
		923DA9782A923FB2007016EA /* CartTableViewCell.swift */ = {isa = PBXFileReference; lastKnownFileType = sourcecode.swift; path = CartTableViewCell.swift; sourceTree = "<group>"; };
		923DA9792A923FB2007016EA /* CartTableViewCell.xib */ = {isa = PBXFileReference; lastKnownFileType = file.xib; path = CartTableViewCell.xib; sourceTree = "<group>"; };
		923DA97D2A925D9A007016EA /* ProductViewController.swift */ = {isa = PBXFileReference; lastKnownFileType = sourcecode.swift; path = ProductViewController.swift; sourceTree = "<group>"; };
		923DA97E2A925D9A007016EA /* ProductViewController.xib */ = {isa = PBXFileReference; lastKnownFileType = file.xib; path = ProductViewController.xib; sourceTree = "<group>"; };
		924449B32A8E192B00481CFD /* Neostore.app */ = {isa = PBXFileReference; explicitFileType = wrapper.application; includeInIndex = 0; path = Neostore.app; sourceTree = BUILT_PRODUCTS_DIR; };
		924449B62A8E192B00481CFD /* AppDelegate.swift */ = {isa = PBXFileReference; lastKnownFileType = sourcecode.swift; path = AppDelegate.swift; sourceTree = "<group>"; };
		924449B82A8E192B00481CFD /* SceneDelegate.swift */ = {isa = PBXFileReference; lastKnownFileType = sourcecode.swift; path = SceneDelegate.swift; sourceTree = "<group>"; };
		924449BA2A8E192B00481CFD /* ViewController.swift */ = {isa = PBXFileReference; lastKnownFileType = sourcecode.swift; path = ViewController.swift; sourceTree = "<group>"; };
		924449BD2A8E192B00481CFD /* Base */ = {isa = PBXFileReference; lastKnownFileType = file.storyboard; name = Base; path = Base.lproj/Main.storyboard; sourceTree = "<group>"; };
		924449BF2A8E192C00481CFD /* Assets.xcassets */ = {isa = PBXFileReference; lastKnownFileType = folder.assetcatalog; path = Assets.xcassets; sourceTree = "<group>"; };
		924449C22A8E192D00481CFD /* Base */ = {isa = PBXFileReference; lastKnownFileType = file.storyboard; name = Base; path = Base.lproj/LaunchScreen.storyboard; sourceTree = "<group>"; };
		924449C42A8E192D00481CFD /* Info.plist */ = {isa = PBXFileReference; lastKnownFileType = text.plist.xml; path = Info.plist; sourceTree = "<group>"; };
		924449C92A8E192D00481CFD /* NeostoreTests.xctest */ = {isa = PBXFileReference; explicitFileType = wrapper.cfbundle; includeInIndex = 0; path = NeostoreTests.xctest; sourceTree = BUILT_PRODUCTS_DIR; };
		924449CD2A8E192D00481CFD /* NeostoreTests.swift */ = {isa = PBXFileReference; lastKnownFileType = sourcecode.swift; path = NeostoreTests.swift; sourceTree = "<group>"; };
		924449D32A8E192D00481CFD /* NeostoreUITests.xctest */ = {isa = PBXFileReference; explicitFileType = wrapper.cfbundle; includeInIndex = 0; path = NeostoreUITests.xctest; sourceTree = BUILT_PRODUCTS_DIR; };
		924449D72A8E192D00481CFD /* NeostoreUITests.swift */ = {isa = PBXFileReference; lastKnownFileType = sourcecode.swift; path = NeostoreUITests.swift; sourceTree = "<group>"; };
		924449D92A8E192D00481CFD /* NeostoreUITestsLaunchTests.swift */ = {isa = PBXFileReference; lastKnownFileType = sourcecode.swift; path = NeostoreUITestsLaunchTests.swift; sourceTree = "<group>"; };
		9264CEA82A9F24F50046E732 /* NavigationController.swift */ = {isa = PBXFileReference; lastKnownFileType = sourcecode.swift; path = NavigationController.swift; sourceTree = "<group>"; };
		9292F0E32AA09D9800851195 /* ProductDetailsOrderViewController.swift */ = {isa = PBXFileReference; lastKnownFileType = sourcecode.swift; path = ProductDetailsOrderViewController.swift; sourceTree = "<group>"; };
		9292F0E42AA09D9800851195 /* ProductDetailsOrderViewController.xib */ = {isa = PBXFileReference; lastKnownFileType = file.xib; path = ProductDetailsOrderViewController.xib; sourceTree = "<group>"; };
		929483E22A97397400CA3C51 /* Alert.swift */ = {isa = PBXFileReference; lastKnownFileType = sourcecode.swift; path = Alert.swift; sourceTree = "<group>"; };
		9294843E2A977E3400CA3C51 /* ProductModel.swift */ = {isa = PBXFileReference; lastKnownFileType = sourcecode.swift; path = ProductModel.swift; sourceTree = "<group>"; };
		929484402A977E4700CA3C51 /* ProductServices.swift */ = {isa = PBXFileReference; lastKnownFileType = sourcecode.swift; path = ProductServices.swift; sourceTree = "<group>"; };
		929524502A8F3608004C2089 /* HomeCollectionViewCell.swift */ = {isa = PBXFileReference; lastKnownFileType = sourcecode.swift; path = HomeCollectionViewCell.swift; sourceTree = "<group>"; };
		929524512A8F3608004C2089 /* HomeCollectionViewCell.xib */ = {isa = PBXFileReference; lastKnownFileType = file.xib; path = HomeCollectionViewCell.xib; sourceTree = "<group>"; };
		929867A32A94ACF400E2DF59 /* ProductDetailsTitleCell.swift */ = {isa = PBXFileReference; lastKnownFileType = sourcecode.swift; path = ProductDetailsTitleCell.swift; sourceTree = "<group>"; };
		929867A42A94ACF400E2DF59 /* ProductDetailsTitleCell.xib */ = {isa = PBXFileReference; lastKnownFileType = file.xib; path = ProductDetailsTitleCell.xib; sourceTree = "<group>"; };
		929867A72A94AD1800E2DF59 /* ProductDetailsImageCell.swift */ = {isa = PBXFileReference; lastKnownFileType = sourcecode.swift; path = ProductDetailsImageCell.swift; sourceTree = "<group>"; };
		929867A82A94AD1800E2DF59 /* ProductDetailsImageCell.xib */ = {isa = PBXFileReference; lastKnownFileType = file.xib; path = ProductDetailsImageCell.xib; sourceTree = "<group>"; };
		929867AF2A94AD9000E2DF59 /* ProductDetailsBuynowCell.swift */ = {isa = PBXFileReference; lastKnownFileType = sourcecode.swift; path = ProductDetailsBuynowCell.swift; sourceTree = "<group>"; };
		929867B02A94AD9000E2DF59 /* ProductDetailsBuynowCell.xib */ = {isa = PBXFileReference; lastKnownFileType = file.xib; path = ProductDetailsBuynowCell.xib; sourceTree = "<group>"; };
		92988DB22A95CD9D00DA4135 /* RegistrationService.swift */ = {isa = PBXFileReference; lastKnownFileType = sourcecode.swift; path = RegistrationService.swift; sourceTree = "<group>"; };
		92988DB42A95CE2200DA4135 /* RegisterPageViewModel.swift */ = {isa = PBXFileReference; lastKnownFileType = sourcecode.swift; path = RegisterPageViewModel.swift; sourceTree = "<group>"; };
		92988DB62A95CE5B00DA4135 /* UserModel.swift */ = {isa = PBXFileReference; lastKnownFileType = sourcecode.swift; path = UserModel.swift; sourceTree = "<group>"; };
		9299181A2A933A1700E379EA /* ProductDetailsController.swift */ = {isa = PBXFileReference; lastKnownFileType = sourcecode.swift; path = ProductDetailsController.swift; sourceTree = "<group>"; };
		9299181B2A933A1700E379EA /* ProductDetailsController.xib */ = {isa = PBXFileReference; lastKnownFileType = file.xib; path = ProductDetailsController.xib; sourceTree = "<group>"; };
		929A9F782AA1C9A1007B36F3 /* RateViewModel.swift */ = {isa = PBXFileReference; lastKnownFileType = sourcecode.swift; path = RateViewModel.swift; sourceTree = "<group>"; };
		929A9F7A2AA1C9BD007B36F3 /* OrderViewModel.swift */ = {isa = PBXFileReference; lastKnownFileType = sourcecode.swift; path = OrderViewModel.swift; sourceTree = "<group>"; };
		929A9F7C2AA1CAB2007B36F3 /* RatingService.swift */ = {isa = PBXFileReference; lastKnownFileType = sourcecode.swift; path = RatingService.swift; sourceTree = "<group>"; };
		929A9F7E2AA1CB4B007B36F3 /* OrderService.swift */ = {isa = PBXFileReference; lastKnownFileType = sourcecode.swift; path = OrderService.swift; sourceTree = "<group>"; };
		929A9F802AA1CC29007B36F3 /* RatingModel.swift */ = {isa = PBXFileReference; lastKnownFileType = sourcecode.swift; path = RatingModel.swift; sourceTree = "<group>"; };
		929A9F822AA1CC4C007B36F3 /* OrderModel.swift */ = {isa = PBXFileReference; lastKnownFileType = sourcecode.swift; path = OrderModel.swift; sourceTree = "<group>"; };
		929C527C2A9C972C00E98F18 /* ProductDetailsViewModel.swift */ = {isa = PBXFileReference; lastKnownFileType = sourcecode.swift; path = ProductDetailsViewModel.swift; sourceTree = "<group>"; };
		92A817212A93888000341144 /* CategoryCollectionCell.swift */ = {isa = PBXFileReference; lastKnownFileType = sourcecode.swift; path = CategoryCollectionCell.swift; sourceTree = "<group>"; };
		92A817222A93888000341144 /* CategoryCollectionCell.xib */ = {isa = PBXFileReference; lastKnownFileType = file.xib; path = CategoryCollectionCell.xib; sourceTree = "<group>"; };
		92AC4CE82A9FC04F0086A1E9 /* ImageCollectionviewCell.swift */ = {isa = PBXFileReference; lastKnownFileType = sourcecode.swift; path = ImageCollectionviewCell.swift; sourceTree = "<group>"; };
		92AC4CE92A9FC04F0086A1E9 /* ImageCollectionviewCell.xib */ = {isa = PBXFileReference; lastKnownFileType = file.xib; path = ImageCollectionviewCell.xib; sourceTree = "<group>"; };
		92AED7B12AA4D4ED00B68CA7 /* DataReload.swift */ = {isa = PBXFileReference; lastKnownFileType = sourcecode.swift; path = DataReload.swift; sourceTree = "<group>"; };
		92AED7B32AA4E18100B68CA7 /* CartViewModel.swift */ = {isa = PBXFileReference; lastKnownFileType = sourcecode.swift; path = CartViewModel.swift; sourceTree = "<group>"; };
		92AED7B52AA4F1A300B68CA7 /* CartService.swift */ = {isa = PBXFileReference; lastKnownFileType = sourcecode.swift; path = CartService.swift; sourceTree = "<group>"; };
		92C2856F2A9274BF0043D1C6 /* ProductTableViewCell.swift */ = {isa = PBXFileReference; lastKnownFileType = sourcecode.swift; path = ProductTableViewCell.swift; sourceTree = "<group>"; };
		92C285702A9274BF0043D1C6 /* ProductTableViewCell.xib */ = {isa = PBXFileReference; lastKnownFileType = file.xib; path = ProductTableViewCell.xib; sourceTree = "<group>"; };
		92C655842AA0C8D000A80C0A /* ProductDetailsRateController.swift */ = {isa = PBXFileReference; lastKnownFileType = sourcecode.swift; path = ProductDetailsRateController.swift; sourceTree = "<group>"; };
		92C655852AA0C8D000A80C0A /* ProductDetailsRateController.xib */ = {isa = PBXFileReference; lastKnownFileType = file.xib; path = ProductDetailsRateController.xib; sourceTree = "<group>"; };
		92C655882AA112B100A80C0A /* userDefaults.swift */ = {isa = PBXFileReference; lastKnownFileType = sourcecode.swift; path = userDefaults.swift; sourceTree = "<group>"; };
		92D5B9232A9BAC8700D03C5C /* ProdCategoryViewModel.swift */ = {isa = PBXFileReference; lastKnownFileType = sourcecode.swift; path = ProdCategoryViewModel.swift; sourceTree = "<group>"; };
		92D6EB842A8E1EE200838A15 /* LoginViewController.swift */ = {isa = PBXFileReference; lastKnownFileType = sourcecode.swift; path = LoginViewController.swift; sourceTree = "<group>"; };
		92D6EB852A8E1EE200838A15 /* LoginViewController.xib */ = {isa = PBXFileReference; lastKnownFileType = file.xib; path = LoginViewController.xib; sourceTree = "<group>"; };
		92E48D9F2AA33E5600822F8C /* OrderIdListCell.swift */ = {isa = PBXFileReference; lastKnownFileType = sourcecode.swift; path = OrderIdListCell.swift; sourceTree = "<group>"; };
		92E48DA02AA33E5600822F8C /* OrderIdListCell.xib */ = {isa = PBXFileReference; lastKnownFileType = file.xib; path = OrderIdListCell.xib; sourceTree = "<group>"; };
		92E48DA32AA33E7700822F8C /* OrderIdTotalCell.swift */ = {isa = PBXFileReference; lastKnownFileType = sourcecode.swift; path = OrderIdTotalCell.swift; sourceTree = "<group>"; };
		92E48DA42AA33E7700822F8C /* OrderIdTotalCell.xib */ = {isa = PBXFileReference; lastKnownFileType = file.xib; path = OrderIdTotalCell.xib; sourceTree = "<group>"; };
		92E48DA72AA3446700822F8C /* StoreLocatorViewController.swift */ = {isa = PBXFileReference; lastKnownFileType = sourcecode.swift; path = StoreLocatorViewController.swift; sourceTree = "<group>"; };
		92E48DA82AA3446700822F8C /* StoreLocatorViewController.xib */ = {isa = PBXFileReference; lastKnownFileType = file.xib; path = StoreLocatorViewController.xib; sourceTree = "<group>"; };
		92E48DAC2AA3452500822F8C /* AddressCell.swift */ = {isa = PBXFileReference; lastKnownFileType = sourcecode.swift; path = AddressCell.swift; sourceTree = "<group>"; };
		92E48DAD2AA3452500822F8C /* AddressCell.xib */ = {isa = PBXFileReference; lastKnownFileType = file.xib; path = AddressCell.xib; sourceTree = "<group>"; };
		92E48DB02AA34EDB00822F8C /* ResetPassViewController.swift */ = {isa = PBXFileReference; lastKnownFileType = sourcecode.swift; path = ResetPassViewController.swift; sourceTree = "<group>"; };
		92E48DB12AA34EDB00822F8C /* ResetPassViewController.xib */ = {isa = PBXFileReference; lastKnownFileType = file.xib; path = ResetPassViewController.xib; sourceTree = "<group>"; };
		92E48DB72AA35A8E00822F8C /* MyAccountViewController.swift */ = {isa = PBXFileReference; lastKnownFileType = sourcecode.swift; path = MyAccountViewController.swift; sourceTree = "<group>"; };
		92E48DB82AA35A8E00822F8C /* MyAccountViewController.xib */ = {isa = PBXFileReference; lastKnownFileType = file.xib; path = MyAccountViewController.xib; sourceTree = "<group>"; };
		92E48DBB2AA35ACB00822F8C /* AccountEditViewController.swift */ = {isa = PBXFileReference; lastKnownFileType = sourcecode.swift; path = AccountEditViewController.swift; sourceTree = "<group>"; };
		92E48DBC2AA35ACB00822F8C /* AccountEditViewController.xib */ = {isa = PBXFileReference; lastKnownFileType = file.xib; path = AccountEditViewController.xib; sourceTree = "<group>"; };
		92E48DC12AA3B00D00822F8C /* SideMenuViewmodel.swift */ = {isa = PBXFileReference; lastKnownFileType = sourcecode.swift; path = SideMenuViewmodel.swift; sourceTree = "<group>"; };
		92E48DC32AA3B7B400822F8C /* AccountModel.swift */ = {isa = PBXFileReference; lastKnownFileType = sourcecode.swift; path = AccountModel.swift; sourceTree = "<group>"; };
		92E48DC62AA3BC5300822F8C /* SideMenuService.swift */ = {isa = PBXFileReference; lastKnownFileType = sourcecode.swift; path = SideMenuService.swift; sourceTree = "<group>"; };
		92E891122AA2FD120099980C /* AddAddressLandMarkCell.swift */ = {isa = PBXFileReference; lastKnownFileType = sourcecode.swift; path = AddAddressLandMarkCell.swift; sourceTree = "<group>"; };
		92E891132AA2FD120099980C /* AddAddressLandMarkCell.xib */ = {isa = PBXFileReference; lastKnownFileType = file.xib; path = AddAddressLandMarkCell.xib; sourceTree = "<group>"; };
		92E8911A2AA2FD820099980C /* AddAddressCityStateCell.swift */ = {isa = PBXFileReference; lastKnownFileType = sourcecode.swift; path = AddAddressCityStateCell.swift; sourceTree = "<group>"; };
		92E8911B2AA2FD820099980C /* AddAddressCityStateCell.xib */ = {isa = PBXFileReference; lastKnownFileType = file.xib; path = AddAddressCityStateCell.xib; sourceTree = "<group>"; };
		92E891222AA2FDD50099980C /* AddAddressSaveAddressCell.swift */ = {isa = PBXFileReference; lastKnownFileType = sourcecode.swift; path = AddAddressSaveAddressCell.swift; sourceTree = "<group>"; };
		92E891232AA2FDD50099980C /* AddAddressSaveAddressCell.xib */ = {isa = PBXFileReference; lastKnownFileType = file.xib; path = AddAddressSaveAddressCell.xib; sourceTree = "<group>"; };
		92E891302AA30BBC0099980C /* AddAddressController.swift */ = {isa = PBXFileReference; lastKnownFileType = sourcecode.swift; path = AddAddressController.swift; sourceTree = "<group>"; };
		92E891312AA30BBC0099980C /* AddAddressController.xib */ = {isa = PBXFileReference; lastKnownFileType = file.xib; path = AddAddressController.xib; sourceTree = "<group>"; };
		92E891342AA30D090099980C /* AddAdressCell.swift */ = {isa = PBXFileReference; lastKnownFileType = sourcecode.swift; path = AddAdressCell.swift; sourceTree = "<group>"; };
		92E891352AA30D090099980C /* AddAdressCell.xib */ = {isa = PBXFileReference; lastKnownFileType = file.xib; path = AddAdressCell.xib; sourceTree = "<group>"; };
		92E891382AA326F80099980C /* AddressListViewController.swift */ = {isa = PBXFileReference; lastKnownFileType = sourcecode.swift; path = AddressListViewController.swift; sourceTree = "<group>"; };
		92E891392AA326F80099980C /* AddressListViewController.xib */ = {isa = PBXFileReference; lastKnownFileType = file.xib; path = AddressListViewController.xib; sourceTree = "<group>"; };
		92E8913D2AA329240099980C /* AddressListCell.swift */ = {isa = PBXFileReference; lastKnownFileType = sourcecode.swift; path = AddressListCell.swift; sourceTree = "<group>"; };
		92E8913E2AA329240099980C /* AddressListCell.xib */ = {isa = PBXFileReference; lastKnownFileType = file.xib; path = AddressListCell.xib; sourceTree = "<group>"; };
		92E891432AA32B9E0099980C /* FirstViewCell.swift */ = {isa = PBXFileReference; lastKnownFileType = sourcecode.swift; path = FirstViewCell.swift; sourceTree = "<group>"; };
		92E891442AA32B9E0099980C /* FirstViewCell.xib */ = {isa = PBXFileReference; lastKnownFileType = file.xib; path = FirstViewCell.xib; sourceTree = "<group>"; };
		92E891482AA32C500099980C /* PlaceOrderCell.swift */ = {isa = PBXFileReference; lastKnownFileType = sourcecode.swift; path = PlaceOrderCell.swift; sourceTree = "<group>"; };
		92E891492AA32C500099980C /* PlaceOrderCell.xib */ = {isa = PBXFileReference; lastKnownFileType = file.xib; path = PlaceOrderCell.xib; sourceTree = "<group>"; };
		92E8914C2AA3369A0099980C /* MyOrdersViewController.swift */ = {isa = PBXFileReference; lastKnownFileType = sourcecode.swift; path = MyOrdersViewController.swift; sourceTree = "<group>"; };
		92E8914D2AA3369A0099980C /* MyOrdersViewController.xib */ = {isa = PBXFileReference; lastKnownFileType = file.xib; path = MyOrdersViewController.xib; sourceTree = "<group>"; };
		92E891512AA337A00099980C /* OrderIdCell.swift */ = {isa = PBXFileReference; lastKnownFileType = sourcecode.swift; path = OrderIdCell.swift; sourceTree = "<group>"; };
		92E891522AA337A00099980C /* OrderIdCell.xib */ = {isa = PBXFileReference; lastKnownFileType = file.xib; path = OrderIdCell.xib; sourceTree = "<group>"; };
		92E891572AA33C370099980C /* OrderIdViewController.swift */ = {isa = PBXFileReference; lastKnownFileType = sourcecode.swift; path = OrderIdViewController.swift; sourceTree = "<group>"; };
		92E891582AA33C370099980C /* OrderIdViewController.xib */ = {isa = PBXFileReference; lastKnownFileType = file.xib; path = OrderIdViewController.xib; sourceTree = "<group>"; };
		930C1F7B5C588EBFE38D24A2 /* Pods-NeostoreTests.release.xcconfig */ = {isa = PBXFileReference; includeInIndex = 1; lastKnownFileType = text.xcconfig; name = "Pods-NeostoreTests.release.xcconfig"; path = "Target Support Files/Pods-NeostoreTests/Pods-NeostoreTests.release.xcconfig"; sourceTree = "<group>"; };
		9842B18CC37B4094FBF6D14E /* Pods-Neostore-NeostoreUITests.debug.xcconfig */ = {isa = PBXFileReference; includeInIndex = 1; lastKnownFileType = text.xcconfig; name = "Pods-Neostore-NeostoreUITests.debug.xcconfig"; path = "Target Support Files/Pods-Neostore-NeostoreUITests/Pods-Neostore-NeostoreUITests.debug.xcconfig"; sourceTree = "<group>"; };
		A35112ECFD1D2315416B66DE /* Pods-NeostoreTests.debug.xcconfig */ = {isa = PBXFileReference; includeInIndex = 1; lastKnownFileType = text.xcconfig; name = "Pods-NeostoreTests.debug.xcconfig"; path = "Target Support Files/Pods-NeostoreTests/Pods-NeostoreTests.debug.xcconfig"; sourceTree = "<group>"; };
		E21B896DB864914425C3FD52 /* Pods_Neostore.framework */ = {isa = PBXFileReference; explicitFileType = wrapper.framework; includeInIndex = 0; path = Pods_Neostore.framework; sourceTree = BUILT_PRODUCTS_DIR; };
		F9BD477A661C72AC72757C51 /* Pods-Neostore.debug.xcconfig */ = {isa = PBXFileReference; includeInIndex = 1; lastKnownFileType = text.xcconfig; name = "Pods-Neostore.debug.xcconfig"; path = "Target Support Files/Pods-Neostore/Pods-Neostore.debug.xcconfig"; sourceTree = "<group>"; };
		F9E5F2FC87CC3690729F5FE6 /* Pods_Neostore_NeostoreUITests.framework */ = {isa = PBXFileReference; explicitFileType = wrapper.framework; includeInIndex = 0; path = Pods_Neostore_NeostoreUITests.framework; sourceTree = BUILT_PRODUCTS_DIR; };
		FBDF79A91F5D51353E91B823 /* Pods-Neostore-NeostoreUITests.release.xcconfig */ = {isa = PBXFileReference; includeInIndex = 1; lastKnownFileType = text.xcconfig; name = "Pods-Neostore-NeostoreUITests.release.xcconfig"; path = "Target Support Files/Pods-Neostore-NeostoreUITests/Pods-Neostore-NeostoreUITests.release.xcconfig"; sourceTree = "<group>"; };
/* End PBXFileReference section */

/* Begin PBXFrameworksBuildPhase section */
		924449B02A8E192B00481CFD /* Frameworks */ = {
			isa = PBXFrameworksBuildPhase;
			buildActionMask = 2147483647;
			files = (
				4EAD957ABBA2FBA751767A71 /* Pods_Neostore.framework in Frameworks */,
			);
			runOnlyForDeploymentPostprocessing = 0;
		};
		924449C62A8E192D00481CFD /* Frameworks */ = {
			isa = PBXFrameworksBuildPhase;
			buildActionMask = 2147483647;
			files = (
				AE3891318D3A1AC6B1310F90 /* Pods_NeostoreTests.framework in Frameworks */,
			);
			runOnlyForDeploymentPostprocessing = 0;
		};
		924449D02A8E192D00481CFD /* Frameworks */ = {
			isa = PBXFrameworksBuildPhase;
			buildActionMask = 2147483647;
			files = (
				612AD7A39FEE79B325D3230B /* Pods_Neostore_NeostoreUITests.framework in Frameworks */,
			);
			runOnlyForDeploymentPostprocessing = 0;
		};
/* End PBXFrameworksBuildPhase section */

/* Begin PBXGroup section */
		4F50D1AB91BE9185DAF098A8 /* Pods */ = {
			isa = PBXGroup;
			children = (
				F9BD477A661C72AC72757C51 /* Pods-Neostore.debug.xcconfig */,
				4D2A400BF4F307A430A23A39 /* Pods-Neostore.release.xcconfig */,
				9842B18CC37B4094FBF6D14E /* Pods-Neostore-NeostoreUITests.debug.xcconfig */,
				FBDF79A91F5D51353E91B823 /* Pods-Neostore-NeostoreUITests.release.xcconfig */,
				A35112ECFD1D2315416B66DE /* Pods-NeostoreTests.debug.xcconfig */,
				930C1F7B5C588EBFE38D24A2 /* Pods-NeostoreTests.release.xcconfig */,
			);
			path = Pods;
			sourceTree = "<group>";
		};
		920FB77F2A950445007C5E8C /* CartPage */ = {
			isa = PBXGroup;
			children = (
				920FB7882A950509007C5E8C /* CartDetailscell */,
				920FB7962A95160D007C5E8C /* CartTotalCell */,
				920FB79F2A9516F5007C5E8C /* CartOrderCell */,
				920FB7842A9504AF007C5E8C /* CartViewController.swift */,
				920FB7852A9504AF007C5E8C /* CartViewController.xib */,
			);
			path = CartPage;
			sourceTree = "<group>";
		};
		920FB7882A950509007C5E8C /* CartDetailscell */ = {
			isa = PBXGroup;
			children = (
				920FB7972A951699007C5E8C /* ProductDetailsCartCell.swift */,
				920FB7982A951699007C5E8C /* ProductDetailsCartCell.xib */,
			);
			path = CartDetailscell;
			sourceTree = "<group>";
		};
		920FB7962A95160D007C5E8C /* CartTotalCell */ = {
			isa = PBXGroup;
			children = (
				920FB79B2A9516EA007C5E8C /* CartTotalCell.swift */,
				920FB79C2A9516EA007C5E8C /* CartTotalCell.xib */,
			);
			path = CartTotalCell;
			sourceTree = "<group>";
		};
		920FB79F2A9516F5007C5E8C /* CartOrderCell */ = {
			isa = PBXGroup;
			children = (
				920FB7A02A9517E2007C5E8C /* CartOrderCell.swift */,
				920FB7A12A9517E2007C5E8C /* CartOrderCell.xib */,
			);
			path = CartOrderCell;
			sourceTree = "<group>";
		};
		920FB7AB2A9539F4007C5E8C /* Services */ = {
			isa = PBXGroup;
			children = (
				920FB7AC2A953A19007C5E8C /* loginServices.swift */,
				92988DB22A95CD9D00DA4135 /* RegistrationService.swift */,
				929484402A977E4700CA3C51 /* ProductServices.swift */,
				929A9F7C2AA1CAB2007B36F3 /* RatingService.swift */,
				929A9F7E2AA1CB4B007B36F3 /* OrderService.swift */,
				92E48DC62AA3BC5300822F8C /* SideMenuService.swift */,
				92AED7B52AA4F1A300B68CA7 /* CartService.swift */,
			);
			path = Services;
			sourceTree = "<group>";
		};
		921363342A8E612F0035A751 /* HomePage */ = {
			isa = PBXGroup;
			children = (
				923DA9662A920427007016EA /* HomeMainViewController */,
				92A8171C2A9386C800341144 /* HomeCategoryViewcell */,
				9295244F2A8F35B7004C2089 /* HomeCollectionViewCell */,
				929C11D72A9147C300FB3382 /* SideMenuHomePage */,
			);
			path = HomePage;
			sourceTree = "<group>";
		};
		922FA9762A8E417400D30014 /* Register page */ = {
			isa = PBXGroup;
			children = (
				922FA9772A8E418D00D30014 /* RegisterViewController.swift */,
				922FA9782A8E418D00D30014 /* RegisterViewController.xib */,
			);
			path = "Register page";
			sourceTree = "<group>";
		};
		923BE1372A960385006354BF /* Api */ = {
			isa = PBXGroup;
			children = (
				923BE1382A9603CD006354BF /* ApiService.swift */,
				923BE13A2A9603F6006354BF /* ApiManager.swift */,
			);
			path = Api;
			sourceTree = "<group>";
		};
		923BE13F2A963791006354BF /* Entities */ = {
			isa = PBXGroup;
			children = (
				92988DB62A95CE5B00DA4135 /* UserModel.swift */,
				9294843E2A977E3400CA3C51 /* ProductModel.swift */,
				929A9F802AA1CC29007B36F3 /* RatingModel.swift */,
				929A9F822AA1CC4C007B36F3 /* OrderModel.swift */,
				92E48DC32AA3B7B400822F8C /* AccountModel.swift */,
			);
			path = Entities;
			sourceTree = "<group>";
		};
		923BE1402A964C2D006354BF /* Validation */ = {
			isa = PBXGroup;
			children = (
				923BE1412A964C41006354BF /* Validation.swift */,
			);
			path = Validation;
			sourceTree = "<group>";
		};
		923DA9662A920427007016EA /* HomeMainViewController */ = {
			isa = PBXGroup;
			children = (
				923DA96B2A920749007016EA /* HomeViewController.swift */,
				923DA96C2A920749007016EA /* HomeViewController.xib */,
			);
			path = HomeMainViewController;
			sourceTree = "<group>";
		};
		923DA9712A922C5A007016EA /* SideMenuTableviewcell */ = {
			isa = PBXGroup;
			children = (
				923DA9772A923F7C007016EA /* CartCell */,
				923DA9762A923F57007016EA /* ReusableCell */,
			);
			path = SideMenuTableviewcell;
			sourceTree = "<group>";
		};
		923DA9762A923F57007016EA /* ReusableCell */ = {
			isa = PBXGroup;
			children = (
				923DA9722A922C9D007016EA /* SideMenuTableViewCell.swift */,
				923DA9732A922C9D007016EA /* SideMenuTableViewCell.xib */,
			);
			path = ReusableCell;
			sourceTree = "<group>";
		};
		923DA9772A923F7C007016EA /* CartCell */ = {
			isa = PBXGroup;
			children = (
				923DA9782A923FB2007016EA /* CartTableViewCell.swift */,
				923DA9792A923FB2007016EA /* CartTableViewCell.xib */,
			);
			path = CartCell;
			sourceTree = "<group>";
		};
		923DA97C2A925D43007016EA /* ProductPage */ = {
			isa = PBXGroup;
			children = (
				92C2856E2A9274990043D1C6 /* ProductViewCell */,
				923DA97D2A925D9A007016EA /* ProductViewController.swift */,
				923DA97E2A925D9A007016EA /* ProductViewController.xib */,
			);
			path = ProductPage;
			sourceTree = "<group>";
		};
		924449AA2A8E192B00481CFD = {
			isa = PBXGroup;
			children = (
				924449B52A8E192B00481CFD /* Neostore */,
				924449CC2A8E192D00481CFD /* NeostoreTests */,
				924449D62A8E192D00481CFD /* NeostoreUITests */,
				924449B42A8E192B00481CFD /* Products */,
				4F50D1AB91BE9185DAF098A8 /* Pods */,
				CBB794CF759866EB24E60F8A /* Frameworks */,
			);
			sourceTree = "<group>";
		};
		924449B42A8E192B00481CFD /* Products */ = {
			isa = PBXGroup;
			children = (
				924449B32A8E192B00481CFD /* Neostore.app */,
				924449C92A8E192D00481CFD /* NeostoreTests.xctest */,
				924449D32A8E192D00481CFD /* NeostoreUITests.xctest */,
			);
			name = Products;
			sourceTree = "<group>";
		};
		924449B52A8E192B00481CFD /* Neostore */ = {
			isa = PBXGroup;
			children = (
				92D6EB7E2A8E1DF800838A15 /* Application */,
				923BE1402A964C2D006354BF /* Validation */,
				929483DF2A97391600CA3C51 /* utils */,
				92D6EB7D2A8E1DC100838A15 /* Model */,
				92A8170E2A93573B00341144 /* ViewModel */,
				92D6EB7B2A8E1DC000838A15 /* View */,
				924449BF2A8E192C00481CFD /* Assets.xcassets */,
				924449C12A8E192D00481CFD /* LaunchScreen.storyboard */,
				924449C42A8E192D00481CFD /* Info.plist */,
			);
			path = Neostore;
			sourceTree = "<group>";
		};
		924449CC2A8E192D00481CFD /* NeostoreTests */ = {
			isa = PBXGroup;
			children = (
				924449CD2A8E192D00481CFD /* NeostoreTests.swift */,
			);
			path = NeostoreTests;
			sourceTree = "<group>";
		};
		924449D62A8E192D00481CFD /* NeostoreUITests */ = {
			isa = PBXGroup;
			children = (
				924449D72A8E192D00481CFD /* NeostoreUITests.swift */,
				924449D92A8E192D00481CFD /* NeostoreUITestsLaunchTests.swift */,
			);
			path = NeostoreUITests;
			sourceTree = "<group>";
		};
		9292F0E12AA09A6400851195 /* ProductRateview */ = {
			isa = PBXGroup;
			children = (
				92C655842AA0C8D000A80C0A /* ProductDetailsRateController.swift */,
				92C655852AA0C8D000A80C0A /* ProductDetailsRateController.xib */,
			);
			path = ProductRateview;
			sourceTree = "<group>";
		};
		9292F0E22AA09A7800851195 /* ProductOrderView */ = {
			isa = PBXGroup;
			children = (
				9292F0E32AA09D9800851195 /* ProductDetailsOrderViewController.swift */,
				9292F0E42AA09D9800851195 /* ProductDetailsOrderViewController.xib */,
			);
			path = ProductOrderView;
			sourceTree = "<group>";
		};
		929483DF2A97391600CA3C51 /* utils */ = {
			isa = PBXGroup;
			children = (
				92AED7B02AA4D4D700B68CA7 /* protocols */,
				929483E12A97395800CA3C51 /* Extention */,
			);
			path = utils;
			sourceTree = "<group>";
		};
		929483E12A97395800CA3C51 /* Extention */ = {
			isa = PBXGroup;
			children = (
				929483E22A97397400CA3C51 /* Alert.swift */,
				9264CEA82A9F24F50046E732 /* NavigationController.swift */,
				92C655882AA112B100A80C0A /* userDefaults.swift */,
			);
			path = Extention;
			sourceTree = "<group>";
		};
		9295244F2A8F35B7004C2089 /* HomeCollectionViewCell */ = {
			isa = PBXGroup;
			children = (
				929524502A8F3608004C2089 /* HomeCollectionViewCell.swift */,
				929524512A8F3608004C2089 /* HomeCollectionViewCell.xib */,
			);
			path = HomeCollectionViewCell;
			sourceTree = "<group>";
		};
		9298679F2A94ABD600E2DF59 /* ProductTitleCell */ = {
			isa = PBXGroup;
			children = (
				929867A32A94ACF400E2DF59 /* ProductDetailsTitleCell.swift */,
				929867A42A94ACF400E2DF59 /* ProductDetailsTitleCell.xib */,
			);
			path = ProductTitleCell;
			sourceTree = "<group>";
		};
		929867A02A94AC4B00E2DF59 /* ProductMiddelCell */ = {
			isa = PBXGroup;
			children = (
				92AC4CE32A9FBFA00086A1E9 /* ProductCollectionViewImage */,
				929867A72A94AD1800E2DF59 /* ProductDetailsImageCell.swift */,
				929867A82A94AD1800E2DF59 /* ProductDetailsImageCell.xib */,
			);
			path = ProductMiddelCell;
			sourceTree = "<group>";
		};
		929867A22A94AC8400E2DF59 /* ProductBynowPageCell */ = {
			isa = PBXGroup;
			children = (
				929867AF2A94AD9000E2DF59 /* ProductDetailsBuynowCell.swift */,
				929867B02A94AD9000E2DF59 /* ProductDetailsBuynowCell.xib */,
			);
			path = ProductBynowPageCell;
			sourceTree = "<group>";
		};
		929918192A9339D700E379EA /* ProductDetailsPage */ = {
			isa = PBXGroup;
			children = (
				9292F0E22AA09A7800851195 /* ProductOrderView */,
				9292F0E12AA09A6400851195 /* ProductRateview */,
				9298679F2A94ABD600E2DF59 /* ProductTitleCell */,
				929867A02A94AC4B00E2DF59 /* ProductMiddelCell */,
				929867A22A94AC8400E2DF59 /* ProductBynowPageCell */,
				9299181A2A933A1700E379EA /* ProductDetailsController.swift */,
				9299181B2A933A1700E379EA /* ProductDetailsController.xib */,
			);
			path = ProductDetailsPage;
			sourceTree = "<group>";
		};
		929C11D72A9147C300FB3382 /* SideMenuHomePage */ = {
			isa = PBXGroup;
			children = (
				923DA9622A9203F4007016EA /* SideMenuViewController.swift */,
				923DA9632A9203F4007016EA /* SideMenuViewController.xib */,
				923DA9712A922C5A007016EA /* SideMenuTableviewcell */,
			);
			path = SideMenuHomePage;
			sourceTree = "<group>";
		};
		92A8170E2A93573B00341144 /* ViewModel */ = {
			isa = PBXGroup;
			children = (
				920FB7A42A95360D007C5E8C /* LoginPageViewModel.swift */,
				92988DB42A95CE2200DA4135 /* RegisterPageViewModel.swift */,
				92D5B9232A9BAC8700D03C5C /* ProdCategoryViewModel.swift */,
				929C527C2A9C972C00E98F18 /* ProductDetailsViewModel.swift */,
				92E48DC12AA3B00D00822F8C /* SideMenuViewmodel.swift */,
				929A9F782AA1C9A1007B36F3 /* RateViewModel.swift */,
				929A9F7A2AA1C9BD007B36F3 /* OrderViewModel.swift */,
				92AED7B32AA4E18100B68CA7 /* CartViewModel.swift */,
			);
			path = ViewModel;
			sourceTree = "<group>";
		};
		92A8171C2A9386C800341144 /* HomeCategoryViewcell */ = {
			isa = PBXGroup;
			children = (
				92A817212A93888000341144 /* CategoryCollectionCell.swift */,
				92A817222A93888000341144 /* CategoryCollectionCell.xib */,
			);
			path = HomeCategoryViewcell;
			sourceTree = "<group>";
		};
		92AC4CE32A9FBFA00086A1E9 /* ProductCollectionViewImage */ = {
			isa = PBXGroup;
			children = (
				92AC4CE82A9FC04F0086A1E9 /* ImageCollectionviewCell.swift */,
				92AC4CE92A9FC04F0086A1E9 /* ImageCollectionviewCell.xib */,
			);
			path = ProductCollectionViewImage;
			sourceTree = "<group>";
		};
		92AED7B02AA4D4D700B68CA7 /* protocols */ = {
			isa = PBXGroup;
			children = (
				92AED7B12AA4D4ED00B68CA7 /* DataReload.swift */,
			);
			path = protocols;
			sourceTree = "<group>";
		};
		92C2856E2A9274990043D1C6 /* ProductViewCell */ = {
			isa = PBXGroup;
			children = (
				92C2856F2A9274BF0043D1C6 /* ProductTableViewCell.swift */,
				92C285702A9274BF0043D1C6 /* ProductTableViewCell.xib */,
			);
			path = ProductViewCell;
			sourceTree = "<group>";
		};
		92D6EB7B2A8E1DC000838A15 /* View */ = {
			isa = PBXGroup;
			children = (
				92D6EB822A8E1EBC00838A15 /* Pages */,
			);
			path = View;
			sourceTree = "<group>";
		};
		92D6EB7D2A8E1DC100838A15 /* Model */ = {
			isa = PBXGroup;
			children = (
				923BE13F2A963791006354BF /* Entities */,
				920FB7AB2A9539F4007C5E8C /* Services */,
				923BE1372A960385006354BF /* Api */,
			);
			path = Model;
			sourceTree = "<group>";
		};
		92D6EB7E2A8E1DF800838A15 /* Application */ = {
			isa = PBXGroup;
			children = (
				924449BA2A8E192B00481CFD /* ViewController.swift */,
				924449BC2A8E192B00481CFD /* Main.storyboard */,
				924449B62A8E192B00481CFD /* AppDelegate.swift */,
				924449B82A8E192B00481CFD /* SceneDelegate.swift */,
			);
			path = Application;
			sourceTree = "<group>";
		};
		92D6EB822A8E1EBC00838A15 /* Pages */ = {
			isa = PBXGroup;
			children = (
				92D6EB832A8E1EC500838A15 /* login page */,
				922FA9762A8E417400D30014 /* Register page */,
				921363342A8E612F0035A751 /* HomePage */,
				923DA97C2A925D43007016EA /* ProductPage */,
				929918192A9339D700E379EA /* ProductDetailsPage */,
				920FB77F2A950445007C5E8C /* CartPage */,
				92E890FA2AA2F7C10099980C /* AddressPages */,
				92E890F82AA2F63D0099980C /* OrdersPage */,
				92E890F72AA2F5DF0099980C /* StoreLocator */,
				92E890F62AA2F5B70099980C /* Account */,
				92E890F52AA2F5780099980C /* ResetPassword */,
			);
			path = Pages;
			sourceTree = "<group>";
		};
		92D6EB832A8E1EC500838A15 /* login page */ = {
			isa = PBXGroup;
			children = (
				92D6EB842A8E1EE200838A15 /* LoginViewController.swift */,
				92D6EB852A8E1EE200838A15 /* LoginViewController.xib */,
			);
			path = "login page";
			sourceTree = "<group>";
		};
		92E48DAB2AA344FB00822F8C /* StoreLocatorCell */ = {
			isa = PBXGroup;
			children = (
				92E48DAC2AA3452500822F8C /* AddressCell.swift */,
				92E48DAD2AA3452500822F8C /* AddressCell.xib */,
			);
			path = StoreLocatorCell;
			sourceTree = "<group>";
		};
		92E48DB52AA357E000822F8C /* MyAccountpage */ = {
			isa = PBXGroup;
			children = (
				92E48DB72AA35A8E00822F8C /* MyAccountViewController.swift */,
				92E48DB82AA35A8E00822F8C /* MyAccountViewController.xib */,
			);
			path = MyAccountpage;
			sourceTree = "<group>";
		};
		92E48DB62AA357E300822F8C /* AccountEditPage */ = {
			isa = PBXGroup;
			children = (
				92E48DBB2AA35ACB00822F8C /* AccountEditViewController.swift */,
				92E48DBC2AA35ACB00822F8C /* AccountEditViewController.xib */,
			);
			path = AccountEditPage;
			sourceTree = "<group>";
		};
		92E890F52AA2F5780099980C /* ResetPassword */ = {
			isa = PBXGroup;
			children = (
				92E48DB02AA34EDB00822F8C /* ResetPassViewController.swift */,
				92E48DB12AA34EDB00822F8C /* ResetPassViewController.xib */,
			);
			path = ResetPassword;
			sourceTree = "<group>";
		};
		92E890F62AA2F5B70099980C /* Account */ = {
			isa = PBXGroup;
			children = (
				92E48DB62AA357E300822F8C /* AccountEditPage */,
				92E48DB52AA357E000822F8C /* MyAccountpage */,
			);
			path = Account;
			sourceTree = "<group>";
		};
		92E890F72AA2F5DF0099980C /* StoreLocator */ = {
			isa = PBXGroup;
			children = (
				92E48DAB2AA344FB00822F8C /* StoreLocatorCell */,
				92E48DA72AA3446700822F8C /* StoreLocatorViewController.swift */,
				92E48DA82AA3446700822F8C /* StoreLocatorViewController.xib */,
			);
			path = StoreLocator;
			sourceTree = "<group>";
		};
		92E890F82AA2F63D0099980C /* OrdersPage */ = {
			isa = PBXGroup;
			children = (
				92E891552AA33B120099980C /* MyordersPage */,
				92E891562AA33B7B0099980C /* OrderIdPage */,
			);
			path = OrdersPage;
			sourceTree = "<group>";
		};
		92E890FA2AA2F7C10099980C /* AddressPages */ = {
			isa = PBXGroup;
			children = (
				92E890FD2AA2F9270099980C /* AddresslistPage */,
				92E890FC2AA2F8DB0099980C /* Add_AddressPage */,
			);
			path = AddressPages;
			sourceTree = "<group>";
		};
		92E890FC2AA2F8DB0099980C /* Add_AddressPage */ = {
			isa = PBXGroup;
			children = (
				92E891042AA2FBEE0099980C /* Add_Address_Cell */,
				92E891302AA30BBC0099980C /* AddAddressController.swift */,
				92E891312AA30BBC0099980C /* AddAddressController.xib */,
			);
			path = Add_AddressPage;
			sourceTree = "<group>";
		};
		92E890FD2AA2F9270099980C /* AddresslistPage */ = {
			isa = PBXGroup;
			children = (
				92E8913C2AA326FC0099980C /* AddressListcell */,
				92E891382AA326F80099980C /* AddressListViewController.swift */,
				92E891392AA326F80099980C /* AddressListViewController.xib */,
			);
			path = AddresslistPage;
			sourceTree = "<group>";
		};
		92E891042AA2FBEE0099980C /* Add_Address_Cell */ = {
			isa = PBXGroup;
			children = (
				92E891052AA2FC0F0099980C /* Address */,
				92E891062AA2FC200099980C /* LandMark */,
				92E891072AA2FC4E0099980C /* CityState */,
				92E891092AA2FC910099980C /* SaveAddress */,
			);
			path = Add_Address_Cell;
			sourceTree = "<group>";
		};
		92E891052AA2FC0F0099980C /* Address */ = {
			isa = PBXGroup;
			children = (
				92E891342AA30D090099980C /* AddAdressCell.swift */,
				92E891352AA30D090099980C /* AddAdressCell.xib */,
			);
			path = Address;
			sourceTree = "<group>";
		};
		92E891062AA2FC200099980C /* LandMark */ = {
			isa = PBXGroup;
			children = (
				92E891122AA2FD120099980C /* AddAddressLandMarkCell.swift */,
				92E891132AA2FD120099980C /* AddAddressLandMarkCell.xib */,
			);
			path = LandMark;
			sourceTree = "<group>";
		};
		92E891072AA2FC4E0099980C /* CityState */ = {
			isa = PBXGroup;
			children = (
				92E8911A2AA2FD820099980C /* AddAddressCityStateCell.swift */,
				92E8911B2AA2FD820099980C /* AddAddressCityStateCell.xib */,
			);
			path = CityState;
			sourceTree = "<group>";
		};
		92E891092AA2FC910099980C /* SaveAddress */ = {
			isa = PBXGroup;
			children = (
				92E891222AA2FDD50099980C /* AddAddressSaveAddressCell.swift */,
				92E891232AA2FDD50099980C /* AddAddressSaveAddressCell.xib */,
			);
			path = SaveAddress;
			sourceTree = "<group>";
		};
		92E8913C2AA326FC0099980C /* AddressListcell */ = {
			isa = PBXGroup;
			children = (
				92E891422AA32B600099980C /* Firstlabelcell */,
				92E891412AA32AE20099980C /* listcell */,
				92E891472AA32BAF0099980C /* PlaceOrder */,
			);
			path = AddressListcell;
			sourceTree = "<group>";
		};
		92E891412AA32AE20099980C /* listcell */ = {
			isa = PBXGroup;
			children = (
				92E8913D2AA329240099980C /* AddressListCell.swift */,
				92E8913E2AA329240099980C /* AddressListCell.xib */,
			);
			path = listcell;
			sourceTree = "<group>";
		};
		92E891422AA32B600099980C /* Firstlabelcell */ = {
			isa = PBXGroup;
			children = (
				92E891432AA32B9E0099980C /* FirstViewCell.swift */,
				92E891442AA32B9E0099980C /* FirstViewCell.xib */,
			);
			path = Firstlabelcell;
			sourceTree = "<group>";
		};
		92E891472AA32BAF0099980C /* PlaceOrder */ = {
			isa = PBXGroup;
			children = (
				92E891482AA32C500099980C /* PlaceOrderCell.swift */,
				92E891492AA32C500099980C /* PlaceOrderCell.xib */,
			);
			path = PlaceOrder;
			sourceTree = "<group>";
		};
		92E891502AA3374C0099980C /* MyOrderscell */ = {
			isa = PBXGroup;
			children = (
				92E891512AA337A00099980C /* OrderIdCell.swift */,
				92E891522AA337A00099980C /* OrderIdCell.xib */,
			);
			path = MyOrderscell;
			sourceTree = "<group>";
		};
		92E891552AA33B120099980C /* MyordersPage */ = {
			isa = PBXGroup;
			children = (
				92E891502AA3374C0099980C /* MyOrderscell */,
				92E8914C2AA3369A0099980C /* MyOrdersViewController.swift */,
				92E8914D2AA3369A0099980C /* MyOrdersViewController.xib */,
			);
			path = MyordersPage;
			sourceTree = "<group>";
		};
		92E891562AA33B7B0099980C /* OrderIdPage */ = {
			isa = PBXGroup;
			children = (
				92E8915B2AA33C3E0099980C /* OrderCells */,
				92E891572AA33C370099980C /* OrderIdViewController.swift */,
				92E891582AA33C370099980C /* OrderIdViewController.xib */,
			);
			path = OrderIdPage;
			sourceTree = "<group>";
		};
		92E8915B2AA33C3E0099980C /* OrderCells */ = {
			isa = PBXGroup;
			children = (
				92E8915C2AA33C6A0099980C /* OrderIdCell */,
				92E8915D2AA33C750099980C /* orderIdTotalcell */,
			);
			path = OrderCells;
			sourceTree = "<group>";
		};
		92E8915C2AA33C6A0099980C /* OrderIdCell */ = {
			isa = PBXGroup;
			children = (
				92E48D9F2AA33E5600822F8C /* OrderIdListCell.swift */,
				92E48DA02AA33E5600822F8C /* OrderIdListCell.xib */,
			);
			path = OrderIdCell;
			sourceTree = "<group>";
		};
		92E8915D2AA33C750099980C /* orderIdTotalcell */ = {
			isa = PBXGroup;
			children = (
				92E48DA32AA33E7700822F8C /* OrderIdTotalCell.swift */,
				92E48DA42AA33E7700822F8C /* OrderIdTotalCell.xib */,
			);
			path = orderIdTotalcell;
			sourceTree = "<group>";
		};
		CBB794CF759866EB24E60F8A /* Frameworks */ = {
			isa = PBXGroup;
			children = (
				E21B896DB864914425C3FD52 /* Pods_Neostore.framework */,
				F9E5F2FC87CC3690729F5FE6 /* Pods_Neostore_NeostoreUITests.framework */,
				1CDED545F75472A5477E5E2D /* Pods_NeostoreTests.framework */,
			);
			name = Frameworks;
			sourceTree = "<group>";
		};
/* End PBXGroup section */

/* Begin PBXNativeTarget section */
		924449B22A8E192B00481CFD /* Neostore */ = {
			isa = PBXNativeTarget;
			buildConfigurationList = 924449DD2A8E192D00481CFD /* Build configuration list for PBXNativeTarget "Neostore" */;
			buildPhases = (
				0C8DC712C2A05CA6AB4C0B35 /* [CP] Check Pods Manifest.lock */,
				924449AF2A8E192B00481CFD /* Sources */,
				924449B02A8E192B00481CFD /* Frameworks */,
				924449B12A8E192B00481CFD /* Resources */,
				5780207621F1855CFF8D40F9 /* [CP] Embed Pods Frameworks */,
			);
			buildRules = (
			);
			dependencies = (
			);
			name = Neostore;
			productName = Neostore;
			productReference = 924449B32A8E192B00481CFD /* Neostore.app */;
			productType = "com.apple.product-type.application";
		};
		924449C82A8E192D00481CFD /* NeostoreTests */ = {
			isa = PBXNativeTarget;
			buildConfigurationList = 924449E02A8E192D00481CFD /* Build configuration list for PBXNativeTarget "NeostoreTests" */;
			buildPhases = (
				DAEEABDC2D894045F7C3166C /* [CP] Check Pods Manifest.lock */,
				924449C52A8E192D00481CFD /* Sources */,
				924449C62A8E192D00481CFD /* Frameworks */,
				924449C72A8E192D00481CFD /* Resources */,
			);
			buildRules = (
			);
			dependencies = (
				924449CB2A8E192D00481CFD /* PBXTargetDependency */,
			);
			name = NeostoreTests;
			productName = NeostoreTests;
			productReference = 924449C92A8E192D00481CFD /* NeostoreTests.xctest */;
			productType = "com.apple.product-type.bundle.unit-test";
		};
		924449D22A8E192D00481CFD /* NeostoreUITests */ = {
			isa = PBXNativeTarget;
			buildConfigurationList = 924449E32A8E192D00481CFD /* Build configuration list for PBXNativeTarget "NeostoreUITests" */;
			buildPhases = (
				027F0D120AFF5F0A0320B0B8 /* [CP] Check Pods Manifest.lock */,
				924449CF2A8E192D00481CFD /* Sources */,
				924449D02A8E192D00481CFD /* Frameworks */,
				924449D12A8E192D00481CFD /* Resources */,
				227E1B629EA452200AA8CACA /* [CP] Embed Pods Frameworks */,
			);
			buildRules = (
			);
			dependencies = (
				924449D52A8E192D00481CFD /* PBXTargetDependency */,
			);
			name = NeostoreUITests;
			productName = NeostoreUITests;
			productReference = 924449D32A8E192D00481CFD /* NeostoreUITests.xctest */;
			productType = "com.apple.product-type.bundle.ui-testing";
		};
/* End PBXNativeTarget section */

/* Begin PBXProject section */
		924449AB2A8E192B00481CFD /* Project object */ = {
			isa = PBXProject;
			attributes = {
				BuildIndependentTargetsInParallel = 1;
				LastSwiftUpdateCheck = 1410;
				LastUpgradeCheck = 1410;
				TargetAttributes = {
					924449B22A8E192B00481CFD = {
						CreatedOnToolsVersion = 14.1;
					};
					924449C82A8E192D00481CFD = {
						CreatedOnToolsVersion = 14.1;
						TestTargetID = 924449B22A8E192B00481CFD;
					};
					924449D22A8E192D00481CFD = {
						CreatedOnToolsVersion = 14.1;
						TestTargetID = 924449B22A8E192B00481CFD;
					};
				};
			};
			buildConfigurationList = 924449AE2A8E192B00481CFD /* Build configuration list for PBXProject "Neostore" */;
			compatibilityVersion = "Xcode 14.0";
			developmentRegion = en;
			hasScannedForEncodings = 0;
			knownRegions = (
				en,
				Base,
			);
			mainGroup = 924449AA2A8E192B00481CFD;
			productRefGroup = 924449B42A8E192B00481CFD /* Products */;
			projectDirPath = "";
			projectRoot = "";
			targets = (
				924449B22A8E192B00481CFD /* Neostore */,
				924449C82A8E192D00481CFD /* NeostoreTests */,
				924449D22A8E192D00481CFD /* NeostoreUITests */,
			);
		};
/* End PBXProject section */

/* Begin PBXResourcesBuildPhase section */
		924449B12A8E192B00481CFD /* Resources */ = {
			isa = PBXResourcesBuildPhase;
			buildActionMask = 2147483647;
			files = (
				929867B22A94AD9000E2DF59 /* ProductDetailsBuynowCell.xib in Resources */,
				92E8911D2AA2FD820099980C /* AddAddressCityStateCell.xib in Resources */,
				92E48DAA2AA3446700822F8C /* StoreLocatorViewController.xib in Resources */,
				92D6EB872A8E1EE200838A15 /* LoginViewController.xib in Resources */,
				92AC4CEB2A9FC04F0086A1E9 /* ImageCollectionviewCell.xib in Resources */,
				92C285722A9274BF0043D1C6 /* ProductTableViewCell.xib in Resources */,
				92E48DAF2AA3452500822F8C /* AddressCell.xib in Resources */,
				92E891462AA32B9E0099980C /* FirstViewCell.xib in Resources */,
				92E48DA22AA33E5600822F8C /* OrderIdListCell.xib in Resources */,
				922FA97A2A8E418D00D30014 /* RegisterViewController.xib in Resources */,
				92E48DBA2AA35A8E00822F8C /* MyAccountViewController.xib in Resources */,
				929867A62A94ACF400E2DF59 /* ProductDetailsTitleCell.xib in Resources */,
				92E891252AA2FDD50099980C /* AddAddressSaveAddressCell.xib in Resources */,
				92E891152AA2FD120099980C /* AddAddressLandMarkCell.xib in Resources */,
				92E8915A2AA33C370099980C /* OrderIdViewController.xib in Resources */,
				9299181D2A933A1700E379EA /* ProductDetailsController.xib in Resources */,
				924449C32A8E192D00481CFD /* LaunchScreen.storyboard in Resources */,
				92E8913B2AA326F80099980C /* AddressListViewController.xib in Resources */,
				92C655872AA0C8D000A80C0A /* ProductDetailsRateController.xib in Resources */,
				929867AA2A94AD1800E2DF59 /* ProductDetailsImageCell.xib in Resources */,
				920FB7872A9504AF007C5E8C /* CartViewController.xib in Resources */,
				924449C02A8E192D00481CFD /* Assets.xcassets in Resources */,
				92E48DB32AA34EDB00822F8C /* ResetPassViewController.xib in Resources */,
				9292F0E62AA09D9800851195 /* ProductDetailsOrderViewController.xib in Resources */,
				92E8914B2AA32C500099980C /* PlaceOrderCell.xib in Resources */,
				929524532A8F3608004C2089 /* HomeCollectionViewCell.xib in Resources */,
				92E891402AA329240099980C /* AddressListCell.xib in Resources */,
				920FB7A32A9517E2007C5E8C /* CartOrderCell.xib in Resources */,
				923DA97B2A923FB2007016EA /* CartTableViewCell.xib in Resources */,
				920FB79A2A951699007C5E8C /* ProductDetailsCartCell.xib in Resources */,
				92E48DBE2AA35ACB00822F8C /* AccountEditViewController.xib in Resources */,
				920FB79E2A9516EA007C5E8C /* CartTotalCell.xib in Resources */,
				924449BE2A8E192B00481CFD /* Main.storyboard in Resources */,
				923DA9802A925D9A007016EA /* ProductViewController.xib in Resources */,
				923DA9752A922C9D007016EA /* SideMenuTableViewCell.xib in Resources */,
				92E891332AA30BBC0099980C /* AddAddressController.xib in Resources */,
				923DA9652A9203F4007016EA /* SideMenuViewController.xib in Resources */,
				92E48DA62AA33E7700822F8C /* OrderIdTotalCell.xib in Resources */,
				92E891372AA30D090099980C /* AddAdressCell.xib in Resources */,
				92E891542AA337A00099980C /* OrderIdCell.xib in Resources */,
				92E8914F2AA3369A0099980C /* MyOrdersViewController.xib in Resources */,
				923DA96E2A920749007016EA /* HomeViewController.xib in Resources */,
				92A817242A93888000341144 /* CategoryCollectionCell.xib in Resources */,
			);
			runOnlyForDeploymentPostprocessing = 0;
		};
		924449C72A8E192D00481CFD /* Resources */ = {
			isa = PBXResourcesBuildPhase;
			buildActionMask = 2147483647;
			files = (
			);
			runOnlyForDeploymentPostprocessing = 0;
		};
		924449D12A8E192D00481CFD /* Resources */ = {
			isa = PBXResourcesBuildPhase;
			buildActionMask = 2147483647;
			files = (
			);
			runOnlyForDeploymentPostprocessing = 0;
		};
/* End PBXResourcesBuildPhase section */

/* Begin PBXShellScriptBuildPhase section */
		027F0D120AFF5F0A0320B0B8 /* [CP] Check Pods Manifest.lock */ = {
			isa = PBXShellScriptBuildPhase;
			buildActionMask = 2147483647;
			files = (
			);
			inputFileListPaths = (
			);
			inputPaths = (
				"${PODS_PODFILE_DIR_PATH}/Podfile.lock",
				"${PODS_ROOT}/Manifest.lock",
			);
			name = "[CP] Check Pods Manifest.lock";
			outputFileListPaths = (
			);
			outputPaths = (
				"$(DERIVED_FILE_DIR)/Pods-Neostore-NeostoreUITests-checkManifestLockResult.txt",
			);
			runOnlyForDeploymentPostprocessing = 0;
			shellPath = /bin/sh;
			shellScript = "diff \"${PODS_PODFILE_DIR_PATH}/Podfile.lock\" \"${PODS_ROOT}/Manifest.lock\" > /dev/null\nif [ $? != 0 ] ; then\n    # print error to STDERR\n    echo \"error: The sandbox is not in sync with the Podfile.lock. Run 'pod install' or update your CocoaPods installation.\" >&2\n    exit 1\nfi\n# This output is used by Xcode 'outputs' to avoid re-running this script phase.\necho \"SUCCESS\" > \"${SCRIPT_OUTPUT_FILE_0}\"\n";
			showEnvVarsInLog = 0;
		};
		0C8DC712C2A05CA6AB4C0B35 /* [CP] Check Pods Manifest.lock */ = {
			isa = PBXShellScriptBuildPhase;
			buildActionMask = 2147483647;
			files = (
			);
			inputFileListPaths = (
			);
			inputPaths = (
				"${PODS_PODFILE_DIR_PATH}/Podfile.lock",
				"${PODS_ROOT}/Manifest.lock",
			);
			name = "[CP] Check Pods Manifest.lock";
			outputFileListPaths = (
			);
			outputPaths = (
				"$(DERIVED_FILE_DIR)/Pods-Neostore-checkManifestLockResult.txt",
			);
			runOnlyForDeploymentPostprocessing = 0;
			shellPath = /bin/sh;
			shellScript = "diff \"${PODS_PODFILE_DIR_PATH}/Podfile.lock\" \"${PODS_ROOT}/Manifest.lock\" > /dev/null\nif [ $? != 0 ] ; then\n    # print error to STDERR\n    echo \"error: The sandbox is not in sync with the Podfile.lock. Run 'pod install' or update your CocoaPods installation.\" >&2\n    exit 1\nfi\n# This output is used by Xcode 'outputs' to avoid re-running this script phase.\necho \"SUCCESS\" > \"${SCRIPT_OUTPUT_FILE_0}\"\n";
			showEnvVarsInLog = 0;
		};
		227E1B629EA452200AA8CACA /* [CP] Embed Pods Frameworks */ = {
			isa = PBXShellScriptBuildPhase;
			buildActionMask = 2147483647;
			files = (
			);
			inputFileListPaths = (
				"${PODS_ROOT}/Target Support Files/Pods-Neostore-NeostoreUITests/Pods-Neostore-NeostoreUITests-frameworks-${CONFIGURATION}-input-files.xcfilelist",
			);
			name = "[CP] Embed Pods Frameworks";
			outputFileListPaths = (
				"${PODS_ROOT}/Target Support Files/Pods-Neostore-NeostoreUITests/Pods-Neostore-NeostoreUITests-frameworks-${CONFIGURATION}-output-files.xcfilelist",
			);
			runOnlyForDeploymentPostprocessing = 0;
			shellPath = /bin/sh;
			shellScript = "\"${PODS_ROOT}/Target Support Files/Pods-Neostore-NeostoreUITests/Pods-Neostore-NeostoreUITests-frameworks.sh\"\n";
			showEnvVarsInLog = 0;
		};
		5780207621F1855CFF8D40F9 /* [CP] Embed Pods Frameworks */ = {
			isa = PBXShellScriptBuildPhase;
			buildActionMask = 2147483647;
			files = (
			);
			inputFileListPaths = (
				"${PODS_ROOT}/Target Support Files/Pods-Neostore/Pods-Neostore-frameworks-${CONFIGURATION}-input-files.xcfilelist",
			);
			name = "[CP] Embed Pods Frameworks";
			outputFileListPaths = (
				"${PODS_ROOT}/Target Support Files/Pods-Neostore/Pods-Neostore-frameworks-${CONFIGURATION}-output-files.xcfilelist",
			);
			runOnlyForDeploymentPostprocessing = 0;
			shellPath = /bin/sh;
			shellScript = "\"${PODS_ROOT}/Target Support Files/Pods-Neostore/Pods-Neostore-frameworks.sh\"\n";
			showEnvVarsInLog = 0;
		};
		DAEEABDC2D894045F7C3166C /* [CP] Check Pods Manifest.lock */ = {
			isa = PBXShellScriptBuildPhase;
			buildActionMask = 2147483647;
			files = (
			);
			inputFileListPaths = (
			);
			inputPaths = (
				"${PODS_PODFILE_DIR_PATH}/Podfile.lock",
				"${PODS_ROOT}/Manifest.lock",
			);
			name = "[CP] Check Pods Manifest.lock";
			outputFileListPaths = (
			);
			outputPaths = (
				"$(DERIVED_FILE_DIR)/Pods-NeostoreTests-checkManifestLockResult.txt",
			);
			runOnlyForDeploymentPostprocessing = 0;
			shellPath = /bin/sh;
			shellScript = "diff \"${PODS_PODFILE_DIR_PATH}/Podfile.lock\" \"${PODS_ROOT}/Manifest.lock\" > /dev/null\nif [ $? != 0 ] ; then\n    # print error to STDERR\n    echo \"error: The sandbox is not in sync with the Podfile.lock. Run 'pod install' or update your CocoaPods installation.\" >&2\n    exit 1\nfi\n# This output is used by Xcode 'outputs' to avoid re-running this script phase.\necho \"SUCCESS\" > \"${SCRIPT_OUTPUT_FILE_0}\"\n";
			showEnvVarsInLog = 0;
		};
/* End PBXShellScriptBuildPhase section */

/* Begin PBXSourcesBuildPhase section */
		924449AF2A8E192B00481CFD /* Sources */ = {
			isa = PBXSourcesBuildPhase;
			buildActionMask = 2147483647;
			files = (
				92AC4CEA2A9FC04F0086A1E9 /* ImageCollectionviewCell.swift in Sources */,
				92E891362AA30D090099980C /* AddAdressCell.swift in Sources */,
				92A817232A93888000341144 /* CategoryCollectionCell.swift in Sources */,
				929867A52A94ACF400E2DF59 /* ProductDetailsTitleCell.swift in Sources */,
				92D5B9242A9BAC8700D03C5C /* ProdCategoryViewModel.swift in Sources */,
				929867A92A94AD1800E2DF59 /* ProductDetailsImageCell.swift in Sources */,
				92E891242AA2FDD50099980C /* AddAddressSaveAddressCell.swift in Sources */,
				920FB7AD2A953A19007C5E8C /* loginServices.swift in Sources */,
				92988DB52A95CE2200DA4135 /* RegisterPageViewModel.swift in Sources */,
				92988DB32A95CD9D00DA4135 /* RegistrationService.swift in Sources */,
				92E48DB92AA35A8E00822F8C /* MyAccountViewController.swift in Sources */,
				9264CEA92A9F24F50046E732 /* NavigationController.swift in Sources */,
				92E8914E2AA3369A0099980C /* MyOrdersViewController.swift in Sources */,
				92E48DB22AA34EDB00822F8C /* ResetPassViewController.swift in Sources */,
				92E8914A2AA32C500099980C /* PlaceOrderCell.swift in Sources */,
				92E48DC42AA3B7B400822F8C /* AccountModel.swift in Sources */,
				92E48DBD2AA35ACB00822F8C /* AccountEditViewController.swift in Sources */,
				929867B12A94AD9000E2DF59 /* ProductDetailsBuynowCell.swift in Sources */,
				92E48DC22AA3B00D00822F8C /* SideMenuViewmodel.swift in Sources */,
				929A9F7F2AA1CB4B007B36F3 /* OrderService.swift in Sources */,
				92E8911C2AA2FD820099980C /* AddAddressCityStateCell.swift in Sources */,
				920FB7A52A95360D007C5E8C /* LoginPageViewModel.swift in Sources */,
				929524522A8F3608004C2089 /* HomeCollectionViewCell.swift in Sources */,
				92E48DA12AA33E5600822F8C /* OrderIdListCell.swift in Sources */,
				9299181C2A933A1700E379EA /* ProductDetailsController.swift in Sources */,
				92D6EB862A8E1EE200838A15 /* LoginViewController.swift in Sources */,
				922FA9792A8E418D00D30014 /* RegisterViewController.swift in Sources */,
				923DA97F2A925D9A007016EA /* ProductViewController.swift in Sources */,
				923DA96D2A920749007016EA /* HomeViewController.swift in Sources */,
				920FB7A22A9517E2007C5E8C /* CartOrderCell.swift in Sources */,
				92E48DAE2AA3452500822F8C /* AddressCell.swift in Sources */,
				929C527D2A9C972C00E98F18 /* ProductDetailsViewModel.swift in Sources */,
				92AED7B42AA4E18100B68CA7 /* CartViewModel.swift in Sources */,
				9292F0E52AA09D9800851195 /* ProductDetailsOrderViewController.swift in Sources */,
				92C285712A9274BF0043D1C6 /* ProductTableViewCell.swift in Sources */,
				924449BB2A8E192B00481CFD /* ViewController.swift in Sources */,
				929484412A977E4700CA3C51 /* ProductServices.swift in Sources */,
				92AED7B22AA4D4ED00B68CA7 /* DataReload.swift in Sources */,
				929A9F812AA1CC29007B36F3 /* RatingModel.swift in Sources */,
				92E891142AA2FD120099980C /* AddAddressLandMarkCell.swift in Sources */,
				924449B72A8E192B00481CFD /* AppDelegate.swift in Sources */,
				920FB7992A951699007C5E8C /* ProductDetailsCartCell.swift in Sources */,
				92C655862AA0C8D000A80C0A /* ProductDetailsRateController.swift in Sources */,
				92E891452AA32B9E0099980C /* FirstViewCell.swift in Sources */,
				929A9F7D2AA1CAB2007B36F3 /* RatingService.swift in Sources */,
				923BE1422A964C41006354BF /* Validation.swift in Sources */,
				92E8913A2AA326F80099980C /* AddressListViewController.swift in Sources */,
				9294843F2A977E3400CA3C51 /* ProductModel.swift in Sources */,
				929A9F792AA1C9A1007B36F3 /* RateViewModel.swift in Sources */,
				920FB79D2A9516EA007C5E8C /* CartTotalCell.swift in Sources */,
				929A9F832AA1CC4C007B36F3 /* OrderModel.swift in Sources */,
				92988DB72A95CE5B00DA4135 /* UserModel.swift in Sources */,
				92E891322AA30BBC0099980C /* AddAddressController.swift in Sources */,
				92E8913F2AA329240099980C /* AddressListCell.swift in Sources */,
				920FB7862A9504AF007C5E8C /* CartViewController.swift in Sources */,
				929A9F7B2AA1C9BD007B36F3 /* OrderViewModel.swift in Sources */,
				92E891592AA33C370099980C /* OrderIdViewController.swift in Sources */,
				92E48DA52AA33E7700822F8C /* OrderIdTotalCell.swift in Sources */,
				923DA9742A922C9D007016EA /* SideMenuTableViewCell.swift in Sources */,
				923BE1392A9603CD006354BF /* ApiService.swift in Sources */,
				923DA97A2A923FB2007016EA /* CartTableViewCell.swift in Sources */,
				923DA9642A9203F4007016EA /* SideMenuViewController.swift in Sources */,
				92C655892AA112B100A80C0A /* userDefaults.swift in Sources */,
				929483E32A97397400CA3C51 /* Alert.swift in Sources */,
				92E891532AA337A00099980C /* OrderIdCell.swift in Sources */,
				923BE13B2A9603F6006354BF /* ApiManager.swift in Sources */,
				92E48DA92AA3446700822F8C /* StoreLocatorViewController.swift in Sources */,
				92AED7B62AA4F1A300B68CA7 /* CartService.swift in Sources */,
				924449B92A8E192B00481CFD /* SceneDelegate.swift in Sources */,
				92E48DC72AA3BC5300822F8C /* SideMenuService.swift in Sources */,
			);
			runOnlyForDeploymentPostprocessing = 0;
		};
		924449C52A8E192D00481CFD /* Sources */ = {
			isa = PBXSourcesBuildPhase;
			buildActionMask = 2147483647;
			files = (
				924449CE2A8E192D00481CFD /* NeostoreTests.swift in Sources */,
			);
			runOnlyForDeploymentPostprocessing = 0;
		};
		924449CF2A8E192D00481CFD /* Sources */ = {
			isa = PBXSourcesBuildPhase;
			buildActionMask = 2147483647;
			files = (
				924449DA2A8E192D00481CFD /* NeostoreUITestsLaunchTests.swift in Sources */,
				924449D82A8E192D00481CFD /* NeostoreUITests.swift in Sources */,
			);
			runOnlyForDeploymentPostprocessing = 0;
		};
/* End PBXSourcesBuildPhase section */

/* Begin PBXTargetDependency section */
		924449CB2A8E192D00481CFD /* PBXTargetDependency */ = {
			isa = PBXTargetDependency;
			target = 924449B22A8E192B00481CFD /* Neostore */;
			targetProxy = 924449CA2A8E192D00481CFD /* PBXContainerItemProxy */;
		};
		924449D52A8E192D00481CFD /* PBXTargetDependency */ = {
			isa = PBXTargetDependency;
			target = 924449B22A8E192B00481CFD /* Neostore */;
			targetProxy = 924449D42A8E192D00481CFD /* PBXContainerItemProxy */;
		};
/* End PBXTargetDependency section */

/* Begin PBXVariantGroup section */
		924449BC2A8E192B00481CFD /* Main.storyboard */ = {
			isa = PBXVariantGroup;
			children = (
				924449BD2A8E192B00481CFD /* Base */,
			);
			name = Main.storyboard;
			sourceTree = "<group>";
		};
		924449C12A8E192D00481CFD /* LaunchScreen.storyboard */ = {
			isa = PBXVariantGroup;
			children = (
				924449C22A8E192D00481CFD /* Base */,
			);
			name = LaunchScreen.storyboard;
			sourceTree = "<group>";
		};
/* End PBXVariantGroup section */

/* Begin XCBuildConfiguration section */
		924449DB2A8E192D00481CFD /* Debug */ = {
			isa = XCBuildConfiguration;
			buildSettings = {
				ALWAYS_SEARCH_USER_PATHS = NO;
				CLANG_ANALYZER_NONNULL = YES;
				CLANG_ANALYZER_NUMBER_OBJECT_CONVERSION = YES_AGGRESSIVE;
				CLANG_CXX_LANGUAGE_STANDARD = "gnu++20";
				CLANG_ENABLE_MODULES = YES;
				CLANG_ENABLE_OBJC_ARC = YES;
				CLANG_ENABLE_OBJC_WEAK = YES;
				CLANG_WARN_BLOCK_CAPTURE_AUTORELEASING = YES;
				CLANG_WARN_BOOL_CONVERSION = YES;
				CLANG_WARN_COMMA = YES;
				CLANG_WARN_CONSTANT_CONVERSION = YES;
				CLANG_WARN_DEPRECATED_OBJC_IMPLEMENTATIONS = YES;
				CLANG_WARN_DIRECT_OBJC_ISA_USAGE = YES_ERROR;
				CLANG_WARN_DOCUMENTATION_COMMENTS = YES;
				CLANG_WARN_EMPTY_BODY = YES;
				CLANG_WARN_ENUM_CONVERSION = YES;
				CLANG_WARN_INFINITE_RECURSION = YES;
				CLANG_WARN_INT_CONVERSION = YES;
				CLANG_WARN_NON_LITERAL_NULL_CONVERSION = YES;
				CLANG_WARN_OBJC_IMPLICIT_RETAIN_SELF = YES;
				CLANG_WARN_OBJC_LITERAL_CONVERSION = YES;
				CLANG_WARN_OBJC_ROOT_CLASS = YES_ERROR;
				CLANG_WARN_QUOTED_INCLUDE_IN_FRAMEWORK_HEADER = YES;
				CLANG_WARN_RANGE_LOOP_ANALYSIS = YES;
				CLANG_WARN_STRICT_PROTOTYPES = YES;
				CLANG_WARN_SUSPICIOUS_MOVE = YES;
				CLANG_WARN_UNGUARDED_AVAILABILITY = YES_AGGRESSIVE;
				CLANG_WARN_UNREACHABLE_CODE = YES;
				CLANG_WARN__DUPLICATE_METHOD_MATCH = YES;
				COPY_PHASE_STRIP = NO;
				DEBUG_INFORMATION_FORMAT = dwarf;
				ENABLE_STRICT_OBJC_MSGSEND = YES;
				ENABLE_TESTABILITY = YES;
				GCC_C_LANGUAGE_STANDARD = gnu11;
				GCC_DYNAMIC_NO_PIC = NO;
				GCC_NO_COMMON_BLOCKS = YES;
				GCC_OPTIMIZATION_LEVEL = 0;
				GCC_PREPROCESSOR_DEFINITIONS = (
					"DEBUG=1",
					"$(inherited)",
				);
				GCC_WARN_64_TO_32_BIT_CONVERSION = YES;
				GCC_WARN_ABOUT_RETURN_TYPE = YES_ERROR;
				GCC_WARN_UNDECLARED_SELECTOR = YES;
				GCC_WARN_UNINITIALIZED_AUTOS = YES_AGGRESSIVE;
				GCC_WARN_UNUSED_FUNCTION = YES;
				GCC_WARN_UNUSED_VARIABLE = YES;
				IPHONEOS_DEPLOYMENT_TARGET = 16.1;
				MTL_ENABLE_DEBUG_INFO = INCLUDE_SOURCE;
				MTL_FAST_MATH = YES;
				ONLY_ACTIVE_ARCH = YES;
				SDKROOT = iphoneos;
				SWIFT_ACTIVE_COMPILATION_CONDITIONS = DEBUG;
				SWIFT_OPTIMIZATION_LEVEL = "-Onone";
			};
			name = Debug;
		};
		924449DC2A8E192D00481CFD /* Release */ = {
			isa = XCBuildConfiguration;
			buildSettings = {
				ALWAYS_SEARCH_USER_PATHS = NO;
				CLANG_ANALYZER_NONNULL = YES;
				CLANG_ANALYZER_NUMBER_OBJECT_CONVERSION = YES_AGGRESSIVE;
				CLANG_CXX_LANGUAGE_STANDARD = "gnu++20";
				CLANG_ENABLE_MODULES = YES;
				CLANG_ENABLE_OBJC_ARC = YES;
				CLANG_ENABLE_OBJC_WEAK = YES;
				CLANG_WARN_BLOCK_CAPTURE_AUTORELEASING = YES;
				CLANG_WARN_BOOL_CONVERSION = YES;
				CLANG_WARN_COMMA = YES;
				CLANG_WARN_CONSTANT_CONVERSION = YES;
				CLANG_WARN_DEPRECATED_OBJC_IMPLEMENTATIONS = YES;
				CLANG_WARN_DIRECT_OBJC_ISA_USAGE = YES_ERROR;
				CLANG_WARN_DOCUMENTATION_COMMENTS = YES;
				CLANG_WARN_EMPTY_BODY = YES;
				CLANG_WARN_ENUM_CONVERSION = YES;
				CLANG_WARN_INFINITE_RECURSION = YES;
				CLANG_WARN_INT_CONVERSION = YES;
				CLANG_WARN_NON_LITERAL_NULL_CONVERSION = YES;
				CLANG_WARN_OBJC_IMPLICIT_RETAIN_SELF = YES;
				CLANG_WARN_OBJC_LITERAL_CONVERSION = YES;
				CLANG_WARN_OBJC_ROOT_CLASS = YES_ERROR;
				CLANG_WARN_QUOTED_INCLUDE_IN_FRAMEWORK_HEADER = YES;
				CLANG_WARN_RANGE_LOOP_ANALYSIS = YES;
				CLANG_WARN_STRICT_PROTOTYPES = YES;
				CLANG_WARN_SUSPICIOUS_MOVE = YES;
				CLANG_WARN_UNGUARDED_AVAILABILITY = YES_AGGRESSIVE;
				CLANG_WARN_UNREACHABLE_CODE = YES;
				CLANG_WARN__DUPLICATE_METHOD_MATCH = YES;
				COPY_PHASE_STRIP = NO;
				DEBUG_INFORMATION_FORMAT = "dwarf-with-dsym";
				ENABLE_NS_ASSERTIONS = NO;
				ENABLE_STRICT_OBJC_MSGSEND = YES;
				GCC_C_LANGUAGE_STANDARD = gnu11;
				GCC_NO_COMMON_BLOCKS = YES;
				GCC_WARN_64_TO_32_BIT_CONVERSION = YES;
				GCC_WARN_ABOUT_RETURN_TYPE = YES_ERROR;
				GCC_WARN_UNDECLARED_SELECTOR = YES;
				GCC_WARN_UNINITIALIZED_AUTOS = YES_AGGRESSIVE;
				GCC_WARN_UNUSED_FUNCTION = YES;
				GCC_WARN_UNUSED_VARIABLE = YES;
				IPHONEOS_DEPLOYMENT_TARGET = 16.1;
				MTL_ENABLE_DEBUG_INFO = NO;
				MTL_FAST_MATH = YES;
				SDKROOT = iphoneos;
				SWIFT_COMPILATION_MODE = wholemodule;
				SWIFT_OPTIMIZATION_LEVEL = "-O";
				VALIDATE_PRODUCT = YES;
			};
			name = Release;
		};
		924449DE2A8E192D00481CFD /* Debug */ = {
			isa = XCBuildConfiguration;
			baseConfigurationReference = F9BD477A661C72AC72757C51 /* Pods-Neostore.debug.xcconfig */;
			buildSettings = {
				ASSETCATALOG_COMPILER_APPICON_NAME = AppIcon;
				ASSETCATALOG_COMPILER_GLOBAL_ACCENT_COLOR_NAME = AccentColor;
				CODE_SIGN_STYLE = Automatic;
				CURRENT_PROJECT_VERSION = 1;
				GENERATE_INFOPLIST_FILE = YES;
				INFOPLIST_FILE = Neostore/Info.plist;
				INFOPLIST_KEY_UIApplicationSupportsIndirectInputEvents = YES;
				INFOPLIST_KEY_UILaunchStoryboardName = LaunchScreen;
				INFOPLIST_KEY_UIMainStoryboardFile = Main;
				INFOPLIST_KEY_UISupportedInterfaceOrientations_iPad = "UIInterfaceOrientationPortrait UIInterfaceOrientationPortraitUpsideDown UIInterfaceOrientationLandscapeLeft UIInterfaceOrientationLandscapeRight";
				INFOPLIST_KEY_UISupportedInterfaceOrientations_iPhone = "UIInterfaceOrientationPortrait UIInterfaceOrientationLandscapeLeft UIInterfaceOrientationLandscapeRight";
				LD_RUNPATH_SEARCH_PATHS = (
					"$(inherited)",
					"@executable_path/Frameworks",
				);
				MARKETING_VERSION = 1.0;
				PRODUCT_BUNDLE_IDENTIFIER = abc.test.Neostore;
				PRODUCT_NAME = "$(TARGET_NAME)";
				SWIFT_EMIT_LOC_STRINGS = YES;
				SWIFT_VERSION = 5.0;
				TARGETED_DEVICE_FAMILY = "1,2";
			};
			name = Debug;
		};
		924449DF2A8E192D00481CFD /* Release */ = {
			isa = XCBuildConfiguration;
			baseConfigurationReference = 4D2A400BF4F307A430A23A39 /* Pods-Neostore.release.xcconfig */;
			buildSettings = {
				ASSETCATALOG_COMPILER_APPICON_NAME = AppIcon;
				ASSETCATALOG_COMPILER_GLOBAL_ACCENT_COLOR_NAME = AccentColor;
				CODE_SIGN_STYLE = Automatic;
				CURRENT_PROJECT_VERSION = 1;
				GENERATE_INFOPLIST_FILE = YES;
				INFOPLIST_FILE = Neostore/Info.plist;
				INFOPLIST_KEY_UIApplicationSupportsIndirectInputEvents = YES;
				INFOPLIST_KEY_UILaunchStoryboardName = LaunchScreen;
				INFOPLIST_KEY_UIMainStoryboardFile = Main;
				INFOPLIST_KEY_UISupportedInterfaceOrientations_iPad = "UIInterfaceOrientationPortrait UIInterfaceOrientationPortraitUpsideDown UIInterfaceOrientationLandscapeLeft UIInterfaceOrientationLandscapeRight";
				INFOPLIST_KEY_UISupportedInterfaceOrientations_iPhone = "UIInterfaceOrientationPortrait UIInterfaceOrientationLandscapeLeft UIInterfaceOrientationLandscapeRight";
				LD_RUNPATH_SEARCH_PATHS = (
					"$(inherited)",
					"@executable_path/Frameworks",
				);
				MARKETING_VERSION = 1.0;
				PRODUCT_BUNDLE_IDENTIFIER = abc.test.Neostore;
				PRODUCT_NAME = "$(TARGET_NAME)";
				SWIFT_EMIT_LOC_STRINGS = YES;
				SWIFT_VERSION = 5.0;
				TARGETED_DEVICE_FAMILY = "1,2";
			};
			name = Release;
		};
		924449E12A8E192D00481CFD /* Debug */ = {
			isa = XCBuildConfiguration;
			baseConfigurationReference = A35112ECFD1D2315416B66DE /* Pods-NeostoreTests.debug.xcconfig */;
			buildSettings = {
				ALWAYS_EMBED_SWIFT_STANDARD_LIBRARIES = YES;
				BUNDLE_LOADER = "$(TEST_HOST)";
				CODE_SIGN_STYLE = Automatic;
				CURRENT_PROJECT_VERSION = 1;
				GENERATE_INFOPLIST_FILE = YES;
				IPHONEOS_DEPLOYMENT_TARGET = 16.1;
				MARKETING_VERSION = 1.0;
				PRODUCT_BUNDLE_IDENTIFIER = abc.test.NeostoreTests;
				PRODUCT_NAME = "$(TARGET_NAME)";
				SWIFT_EMIT_LOC_STRINGS = NO;
				SWIFT_VERSION = 5.0;
				TARGETED_DEVICE_FAMILY = "1,2";
				TEST_HOST = "$(BUILT_PRODUCTS_DIR)/Neostore.app/$(BUNDLE_EXECUTABLE_FOLDER_PATH)/Neostore";
			};
			name = Debug;
		};
		924449E22A8E192D00481CFD /* Release */ = {
			isa = XCBuildConfiguration;
			baseConfigurationReference = 930C1F7B5C588EBFE38D24A2 /* Pods-NeostoreTests.release.xcconfig */;
			buildSettings = {
				ALWAYS_EMBED_SWIFT_STANDARD_LIBRARIES = YES;
				BUNDLE_LOADER = "$(TEST_HOST)";
				CODE_SIGN_STYLE = Automatic;
				CURRENT_PROJECT_VERSION = 1;
				GENERATE_INFOPLIST_FILE = YES;
				IPHONEOS_DEPLOYMENT_TARGET = 16.1;
				MARKETING_VERSION = 1.0;
				PRODUCT_BUNDLE_IDENTIFIER = abc.test.NeostoreTests;
				PRODUCT_NAME = "$(TARGET_NAME)";
				SWIFT_EMIT_LOC_STRINGS = NO;
				SWIFT_VERSION = 5.0;
				TARGETED_DEVICE_FAMILY = "1,2";
				TEST_HOST = "$(BUILT_PRODUCTS_DIR)/Neostore.app/$(BUNDLE_EXECUTABLE_FOLDER_PATH)/Neostore";
			};
			name = Release;
		};
		924449E42A8E192D00481CFD /* Debug */ = {
			isa = XCBuildConfiguration;
			baseConfigurationReference = 9842B18CC37B4094FBF6D14E /* Pods-Neostore-NeostoreUITests.debug.xcconfig */;
			buildSettings = {
				ALWAYS_EMBED_SWIFT_STANDARD_LIBRARIES = YES;
				CODE_SIGN_STYLE = Automatic;
				CURRENT_PROJECT_VERSION = 1;
				GENERATE_INFOPLIST_FILE = YES;
				MARKETING_VERSION = 1.0;
				PRODUCT_BUNDLE_IDENTIFIER = abc.test.NeostoreUITests;
				PRODUCT_NAME = "$(TARGET_NAME)";
				SWIFT_EMIT_LOC_STRINGS = NO;
				SWIFT_VERSION = 5.0;
				TARGETED_DEVICE_FAMILY = "1,2";
				TEST_TARGET_NAME = Neostore;
			};
			name = Debug;
		};
		924449E52A8E192D00481CFD /* Release */ = {
			isa = XCBuildConfiguration;
			baseConfigurationReference = FBDF79A91F5D51353E91B823 /* Pods-Neostore-NeostoreUITests.release.xcconfig */;
			buildSettings = {
				ALWAYS_EMBED_SWIFT_STANDARD_LIBRARIES = YES;
				CODE_SIGN_STYLE = Automatic;
				CURRENT_PROJECT_VERSION = 1;
				GENERATE_INFOPLIST_FILE = YES;
				MARKETING_VERSION = 1.0;
				PRODUCT_BUNDLE_IDENTIFIER = abc.test.NeostoreUITests;
				PRODUCT_NAME = "$(TARGET_NAME)";
				SWIFT_EMIT_LOC_STRINGS = NO;
				SWIFT_VERSION = 5.0;
				TARGETED_DEVICE_FAMILY = "1,2";
				TEST_TARGET_NAME = Neostore;
			};
			name = Release;
		};
/* End XCBuildConfiguration section */

/* Begin XCConfigurationList section */
		924449AE2A8E192B00481CFD /* Build configuration list for PBXProject "Neostore" */ = {
			isa = XCConfigurationList;
			buildConfigurations = (
				924449DB2A8E192D00481CFD /* Debug */,
				924449DC2A8E192D00481CFD /* Release */,
			);
			defaultConfigurationIsVisible = 0;
			defaultConfigurationName = Release;
		};
		924449DD2A8E192D00481CFD /* Build configuration list for PBXNativeTarget "Neostore" */ = {
			isa = XCConfigurationList;
			buildConfigurations = (
				924449DE2A8E192D00481CFD /* Debug */,
				924449DF2A8E192D00481CFD /* Release */,
			);
			defaultConfigurationIsVisible = 0;
			defaultConfigurationName = Release;
		};
		924449E02A8E192D00481CFD /* Build configuration list for PBXNativeTarget "NeostoreTests" */ = {
			isa = XCConfigurationList;
			buildConfigurations = (
				924449E12A8E192D00481CFD /* Debug */,
				924449E22A8E192D00481CFD /* Release */,
			);
			defaultConfigurationIsVisible = 0;
			defaultConfigurationName = Release;
		};
		924449E32A8E192D00481CFD /* Build configuration list for PBXNativeTarget "NeostoreUITests" */ = {
			isa = XCConfigurationList;
			buildConfigurations = (
				924449E42A8E192D00481CFD /* Debug */,
				924449E52A8E192D00481CFD /* Release */,
			);
			defaultConfigurationIsVisible = 0;
			defaultConfigurationName = Release;
		};
/* End XCConfigurationList section */
	};
	rootObject = 924449AB2A8E192B00481CFD /* Project object */;
}
