// !$*UTF8*$!
{
	archiveVersion = 1;
	classes = {
	};
	objectVersion = 56;
	objects = {

/* Begin PBXBuildFile section */
		920FB77D2A94DE2E007C5E8C /* SepratorCell.swift in Sources */ = {isa = PBXBuildFile; fileRef = 920FB77B2A94DE2E007C5E8C /* SepratorCell.swift */; };
		920FB77E2A94DE2E007C5E8C /* SepratorCell.xib in Resources */ = {isa = PBXBuildFile; fileRef = 920FB77C2A94DE2E007C5E8C /* SepratorCell.xib */; };
		920FB7862A9504AF007C5E8C /* CartViewController.swift in Sources */ = {isa = PBXBuildFile; fileRef = 920FB7842A9504AF007C5E8C /* CartViewController.swift */; };
		920FB7872A9504AF007C5E8C /* CartViewController.xib in Resources */ = {isa = PBXBuildFile; fileRef = 920FB7852A9504AF007C5E8C /* CartViewController.xib */; };
		920FB7992A951699007C5E8C /* ProductDetailsCartCell.swift in Sources */ = {isa = PBXBuildFile; fileRef = 920FB7972A951699007C5E8C /* ProductDetailsCartCell.swift */; };
		920FB79A2A951699007C5E8C /* ProductDetailsCartCell.xib in Resources */ = {isa = PBXBuildFile; fileRef = 920FB7982A951699007C5E8C /* ProductDetailsCartCell.xib */; };
		920FB79D2A9516EA007C5E8C /* CartTotalCell.swift in Sources */ = {isa = PBXBuildFile; fileRef = 920FB79B2A9516EA007C5E8C /* CartTotalCell.swift */; };
		920FB79E2A9516EA007C5E8C /* CartTotalCell.xib in Resources */ = {isa = PBXBuildFile; fileRef = 920FB79C2A9516EA007C5E8C /* CartTotalCell.xib */; };
		920FB7A22A9517E2007C5E8C /* CartOrderCell.swift in Sources */ = {isa = PBXBuildFile; fileRef = 920FB7A02A9517E2007C5E8C /* CartOrderCell.swift */; };
		920FB7A32A9517E2007C5E8C /* CartOrderCell.xib in Resources */ = {isa = PBXBuildFile; fileRef = 920FB7A12A9517E2007C5E8C /* CartOrderCell.xib */; };
		922FA9792A8E418D00D30014 /* RegisterViewController.swift in Sources */ = {isa = PBXBuildFile; fileRef = 922FA9772A8E418D00D30014 /* RegisterViewController.swift */; };
		922FA97A2A8E418D00D30014 /* RegisterViewController.xib in Resources */ = {isa = PBXBuildFile; fileRef = 922FA9782A8E418D00D30014 /* RegisterViewController.xib */; };
		923DA9642A9203F4007016EA /* SideMenuViewController.swift in Sources */ = {isa = PBXBuildFile; fileRef = 923DA9622A9203F4007016EA /* SideMenuViewController.swift */; };
		923DA9652A9203F4007016EA /* SideMenuViewController.xib in Resources */ = {isa = PBXBuildFile; fileRef = 923DA9632A9203F4007016EA /* SideMenuViewController.xib */; };
		923DA96D2A920749007016EA /* HomeViewController.swift in Sources */ = {isa = PBXBuildFile; fileRef = 923DA96B2A920749007016EA /* HomeViewController.swift */; };
		923DA96E2A920749007016EA /* HomeViewController.xib in Resources */ = {isa = PBXBuildFile; fileRef = 923DA96C2A920749007016EA /* HomeViewController.xib */; };
		923DA9742A922C9D007016EA /* SideMenuTableViewCell.swift in Sources */ = {isa = PBXBuildFile; fileRef = 923DA9722A922C9D007016EA /* SideMenuTableViewCell.swift */; };
		923DA9752A922C9D007016EA /* SideMenuTableViewCell.xib in Resources */ = {isa = PBXBuildFile; fileRef = 923DA9732A922C9D007016EA /* SideMenuTableViewCell.xib */; };
		923DA97A2A923FB2007016EA /* CartTableViewCell.swift in Sources */ = {isa = PBXBuildFile; fileRef = 923DA9782A923FB2007016EA /* CartTableViewCell.swift */; };
		923DA97B2A923FB2007016EA /* CartTableViewCell.xib in Resources */ = {isa = PBXBuildFile; fileRef = 923DA9792A923FB2007016EA /* CartTableViewCell.xib */; };
		923DA97F2A925D9A007016EA /* ProductViewController.swift in Sources */ = {isa = PBXBuildFile; fileRef = 923DA97D2A925D9A007016EA /* ProductViewController.swift */; };
		923DA9802A925D9A007016EA /* ProductViewController.xib in Resources */ = {isa = PBXBuildFile; fileRef = 923DA97E2A925D9A007016EA /* ProductViewController.xib */; };
		924449B72A8E192B00481CFD /* AppDelegate.swift in Sources */ = {isa = PBXBuildFile; fileRef = 924449B62A8E192B00481CFD /* AppDelegate.swift */; };
		924449B92A8E192B00481CFD /* SceneDelegate.swift in Sources */ = {isa = PBXBuildFile; fileRef = 924449B82A8E192B00481CFD /* SceneDelegate.swift */; };
		924449BB2A8E192B00481CFD /* ViewController.swift in Sources */ = {isa = PBXBuildFile; fileRef = 924449BA2A8E192B00481CFD /* ViewController.swift */; };
		924449BE2A8E192B00481CFD /* Main.storyboard in Resources */ = {isa = PBXBuildFile; fileRef = 924449BC2A8E192B00481CFD /* Main.storyboard */; };
		924449C02A8E192D00481CFD /* Assets.xcassets in Resources */ = {isa = PBXBuildFile; fileRef = 924449BF2A8E192C00481CFD /* Assets.xcassets */; };
		924449C32A8E192D00481CFD /* LaunchScreen.storyboard in Resources */ = {isa = PBXBuildFile; fileRef = 924449C12A8E192D00481CFD /* LaunchScreen.storyboard */; };
		924449CE2A8E192D00481CFD /* NeostoreTests.swift in Sources */ = {isa = PBXBuildFile; fileRef = 924449CD2A8E192D00481CFD /* NeostoreTests.swift */; };
		924449D82A8E192D00481CFD /* NeostoreUITests.swift in Sources */ = {isa = PBXBuildFile; fileRef = 924449D72A8E192D00481CFD /* NeostoreUITests.swift */; };
		924449DA2A8E192D00481CFD /* NeostoreUITestsLaunchTests.swift in Sources */ = {isa = PBXBuildFile; fileRef = 924449D92A8E192D00481CFD /* NeostoreUITestsLaunchTests.swift */; };
		929524522A8F3608004C2089 /* HomeCollectionViewCell.swift in Sources */ = {isa = PBXBuildFile; fileRef = 929524502A8F3608004C2089 /* HomeCollectionViewCell.swift */; };
		929524532A8F3608004C2089 /* HomeCollectionViewCell.xib in Resources */ = {isa = PBXBuildFile; fileRef = 929524512A8F3608004C2089 /* HomeCollectionViewCell.xib */; };
		929867A52A94ACF400E2DF59 /* ProductDetailsTitleCell.swift in Sources */ = {isa = PBXBuildFile; fileRef = 929867A32A94ACF400E2DF59 /* ProductDetailsTitleCell.swift */; };
		929867A62A94ACF400E2DF59 /* ProductDetailsTitleCell.xib in Resources */ = {isa = PBXBuildFile; fileRef = 929867A42A94ACF400E2DF59 /* ProductDetailsTitleCell.xib */; };
		929867A92A94AD1800E2DF59 /* ProductDetailsImageCell.swift in Sources */ = {isa = PBXBuildFile; fileRef = 929867A72A94AD1800E2DF59 /* ProductDetailsImageCell.swift */; };
		929867AA2A94AD1800E2DF59 /* ProductDetailsImageCell.xib in Resources */ = {isa = PBXBuildFile; fileRef = 929867A82A94AD1800E2DF59 /* ProductDetailsImageCell.xib */; };
		929867AD2A94AD4700E2DF59 /* ProductDetailsDescriptionCell.swift in Sources */ = {isa = PBXBuildFile; fileRef = 929867AB2A94AD4700E2DF59 /* ProductDetailsDescriptionCell.swift */; };
		929867AE2A94AD4700E2DF59 /* ProductDetailsDescriptionCell.xib in Resources */ = {isa = PBXBuildFile; fileRef = 929867AC2A94AD4700E2DF59 /* ProductDetailsDescriptionCell.xib */; };
		929867B12A94AD9000E2DF59 /* ProductDetailsBuynowCell.swift in Sources */ = {isa = PBXBuildFile; fileRef = 929867AF2A94AD9000E2DF59 /* ProductDetailsBuynowCell.swift */; };
		929867B22A94AD9000E2DF59 /* ProductDetailsBuynowCell.xib in Resources */ = {isa = PBXBuildFile; fileRef = 929867B02A94AD9000E2DF59 /* ProductDetailsBuynowCell.xib */; };
		9299181C2A933A1700E379EA /* ProductDetailsController.swift in Sources */ = {isa = PBXBuildFile; fileRef = 9299181A2A933A1700E379EA /* ProductDetailsController.swift */; };
		9299181D2A933A1700E379EA /* ProductDetailsController.xib in Resources */ = {isa = PBXBuildFile; fileRef = 9299181B2A933A1700E379EA /* ProductDetailsController.xib */; };
		92A817122A935CE900341144 /* HomeViewModel.swift in Sources */ = {isa = PBXBuildFile; fileRef = 92A817112A935CE900341144 /* HomeViewModel.swift */; };
		92A817232A93888000341144 /* CategoryCollectionCell.swift in Sources */ = {isa = PBXBuildFile; fileRef = 92A817212A93888000341144 /* CategoryCollectionCell.swift */; };
		92A817242A93888000341144 /* CategoryCollectionCell.xib in Resources */ = {isa = PBXBuildFile; fileRef = 92A817222A93888000341144 /* CategoryCollectionCell.xib */; };
		92C285712A9274BF0043D1C6 /* ProductTableViewCell.swift in Sources */ = {isa = PBXBuildFile; fileRef = 92C2856F2A9274BF0043D1C6 /* ProductTableViewCell.swift */; };
		92C285722A9274BF0043D1C6 /* ProductTableViewCell.xib in Resources */ = {isa = PBXBuildFile; fileRef = 92C285702A9274BF0043D1C6 /* ProductTableViewCell.xib */; };
		92D6EB862A8E1EE200838A15 /* LoginViewController.swift in Sources */ = {isa = PBXBuildFile; fileRef = 92D6EB842A8E1EE200838A15 /* LoginViewController.swift */; };
		92D6EB872A8E1EE200838A15 /* LoginViewController.xib in Resources */ = {isa = PBXBuildFile; fileRef = 92D6EB852A8E1EE200838A15 /* LoginViewController.xib */; };
/* End PBXBuildFile section */

/* Begin PBXContainerItemProxy section */
		924449CA2A8E192D00481CFD /* PBXContainerItemProxy */ = {
			isa = PBXContainerItemProxy;
			containerPortal = 924449AB2A8E192B00481CFD /* Project object */;
			proxyType = 1;
			remoteGlobalIDString = 924449B22A8E192B00481CFD;
			remoteInfo = Neostore;
		};
		924449D42A8E192D00481CFD /* PBXContainerItemProxy */ = {
			isa = PBXContainerItemProxy;
			containerPortal = 924449AB2A8E192B00481CFD /* Project object */;
			proxyType = 1;
			remoteGlobalIDString = 924449B22A8E192B00481CFD;
			remoteInfo = Neostore;
		};
/* End PBXContainerItemProxy section */

/* Begin PBXFileReference section */
		920FB77B2A94DE2E007C5E8C /* SepratorCell.swift */ = {isa = PBXFileReference; lastKnownFileType = sourcecode.swift; path = SepratorCell.swift; sourceTree = "<group>"; };
		920FB77C2A94DE2E007C5E8C /* SepratorCell.xib */ = {isa = PBXFileReference; lastKnownFileType = file.xib; path = SepratorCell.xib; sourceTree = "<group>"; };
		920FB7842A9504AF007C5E8C /* CartViewController.swift */ = {isa = PBXFileReference; lastKnownFileType = sourcecode.swift; path = CartViewController.swift; sourceTree = "<group>"; };
		920FB7852A9504AF007C5E8C /* CartViewController.xib */ = {isa = PBXFileReference; lastKnownFileType = file.xib; path = CartViewController.xib; sourceTree = "<group>"; };
		920FB7972A951699007C5E8C /* ProductDetailsCartCell.swift */ = {isa = PBXFileReference; lastKnownFileType = sourcecode.swift; path = ProductDetailsCartCell.swift; sourceTree = "<group>"; };
		920FB7982A951699007C5E8C /* ProductDetailsCartCell.xib */ = {isa = PBXFileReference; lastKnownFileType = file.xib; path = ProductDetailsCartCell.xib; sourceTree = "<group>"; };
		920FB79B2A9516EA007C5E8C /* CartTotalCell.swift */ = {isa = PBXFileReference; lastKnownFileType = sourcecode.swift; path = CartTotalCell.swift; sourceTree = "<group>"; };
		920FB79C2A9516EA007C5E8C /* CartTotalCell.xib */ = {isa = PBXFileReference; lastKnownFileType = file.xib; path = CartTotalCell.xib; sourceTree = "<group>"; };
		920FB7A02A9517E2007C5E8C /* CartOrderCell.swift */ = {isa = PBXFileReference; lastKnownFileType = sourcecode.swift; path = CartOrderCell.swift; sourceTree = "<group>"; };
		920FB7A12A9517E2007C5E8C /* CartOrderCell.xib */ = {isa = PBXFileReference; lastKnownFileType = file.xib; path = CartOrderCell.xib; sourceTree = "<group>"; };
		922FA9772A8E418D00D30014 /* RegisterViewController.swift */ = {isa = PBXFileReference; lastKnownFileType = sourcecode.swift; path = RegisterViewController.swift; sourceTree = "<group>"; };
		922FA9782A8E418D00D30014 /* RegisterViewController.xib */ = {isa = PBXFileReference; lastKnownFileType = file.xib; path = RegisterViewController.xib; sourceTree = "<group>"; };
		923DA9622A9203F4007016EA /* SideMenuViewController.swift */ = {isa = PBXFileReference; lastKnownFileType = sourcecode.swift; path = SideMenuViewController.swift; sourceTree = "<group>"; };
		923DA9632A9203F4007016EA /* SideMenuViewController.xib */ = {isa = PBXFileReference; lastKnownFileType = file.xib; path = SideMenuViewController.xib; sourceTree = "<group>"; };
		923DA96B2A920749007016EA /* HomeViewController.swift */ = {isa = PBXFileReference; lastKnownFileType = sourcecode.swift; path = HomeViewController.swift; sourceTree = "<group>"; };
		923DA96C2A920749007016EA /* HomeViewController.xib */ = {isa = PBXFileReference; lastKnownFileType = file.xib; path = HomeViewController.xib; sourceTree = "<group>"; };
		923DA9722A922C9D007016EA /* SideMenuTableViewCell.swift */ = {isa = PBXFileReference; lastKnownFileType = sourcecode.swift; path = SideMenuTableViewCell.swift; sourceTree = "<group>"; };
		923DA9732A922C9D007016EA /* SideMenuTableViewCell.xib */ = {isa = PBXFileReference; lastKnownFileType = file.xib; path = SideMenuTableViewCell.xib; sourceTree = "<group>"; };
		923DA9782A923FB2007016EA /* CartTableViewCell.swift */ = {isa = PBXFileReference; lastKnownFileType = sourcecode.swift; path = CartTableViewCell.swift; sourceTree = "<group>"; };
		923DA9792A923FB2007016EA /* CartTableViewCell.xib */ = {isa = PBXFileReference; lastKnownFileType = file.xib; path = CartTableViewCell.xib; sourceTree = "<group>"; };
		923DA97D2A925D9A007016EA /* ProductViewController.swift */ = {isa = PBXFileReference; lastKnownFileType = sourcecode.swift; path = ProductViewController.swift; sourceTree = "<group>"; };
		923DA97E2A925D9A007016EA /* ProductViewController.xib */ = {isa = PBXFileReference; lastKnownFileType = file.xib; path = ProductViewController.xib; sourceTree = "<group>"; };
		924449B32A8E192B00481CFD /* Neostore.app */ = {isa = PBXFileReference; explicitFileType = wrapper.application; includeInIndex = 0; path = Neostore.app; sourceTree = BUILT_PRODUCTS_DIR; };
		924449B62A8E192B00481CFD /* AppDelegate.swift */ = {isa = PBXFileReference; lastKnownFileType = sourcecode.swift; path = AppDelegate.swift; sourceTree = "<group>"; };
		924449B82A8E192B00481CFD /* SceneDelegate.swift */ = {isa = PBXFileReference; lastKnownFileType = sourcecode.swift; path = SceneDelegate.swift; sourceTree = "<group>"; };
		924449BA2A8E192B00481CFD /* ViewController.swift */ = {isa = PBXFileReference; lastKnownFileType = sourcecode.swift; path = ViewController.swift; sourceTree = "<group>"; };
		924449BD2A8E192B00481CFD /* Base */ = {isa = PBXFileReference; lastKnownFileType = file.storyboard; name = Base; path = Base.lproj/Main.storyboard; sourceTree = "<group>"; };
		924449BF2A8E192C00481CFD /* Assets.xcassets */ = {isa = PBXFileReference; lastKnownFileType = folder.assetcatalog; path = Assets.xcassets; sourceTree = "<group>"; };
		924449C22A8E192D00481CFD /* Base */ = {isa = PBXFileReference; lastKnownFileType = file.storyboard; name = Base; path = Base.lproj/LaunchScreen.storyboard; sourceTree = "<group>"; };
		924449C42A8E192D00481CFD /* Info.plist */ = {isa = PBXFileReference; lastKnownFileType = text.plist.xml; path = Info.plist; sourceTree = "<group>"; };
		924449C92A8E192D00481CFD /* NeostoreTests.xctest */ = {isa = PBXFileReference; explicitFileType = wrapper.cfbundle; includeInIndex = 0; path = NeostoreTests.xctest; sourceTree = BUILT_PRODUCTS_DIR; };
		924449CD2A8E192D00481CFD /* NeostoreTests.swift */ = {isa = PBXFileReference; lastKnownFileType = sourcecode.swift; path = NeostoreTests.swift; sourceTree = "<group>"; };
		924449D32A8E192D00481CFD /* NeostoreUITests.xctest */ = {isa = PBXFileReference; explicitFileType = wrapper.cfbundle; includeInIndex = 0; path = NeostoreUITests.xctest; sourceTree = BUILT_PRODUCTS_DIR; };
		924449D72A8E192D00481CFD /* NeostoreUITests.swift */ = {isa = PBXFileReference; lastKnownFileType = sourcecode.swift; path = NeostoreUITests.swift; sourceTree = "<group>"; };
		924449D92A8E192D00481CFD /* NeostoreUITestsLaunchTests.swift */ = {isa = PBXFileReference; lastKnownFileType = sourcecode.swift; path = NeostoreUITestsLaunchTests.swift; sourceTree = "<group>"; };
		929524502A8F3608004C2089 /* HomeCollectionViewCell.swift */ = {isa = PBXFileReference; lastKnownFileType = sourcecode.swift; path = HomeCollectionViewCell.swift; sourceTree = "<group>"; };
		929524512A8F3608004C2089 /* HomeCollectionViewCell.xib */ = {isa = PBXFileReference; lastKnownFileType = file.xib; path = HomeCollectionViewCell.xib; sourceTree = "<group>"; };
		929867A32A94ACF400E2DF59 /* ProductDetailsTitleCell.swift */ = {isa = PBXFileReference; lastKnownFileType = sourcecode.swift; path = ProductDetailsTitleCell.swift; sourceTree = "<group>"; };
		929867A42A94ACF400E2DF59 /* ProductDetailsTitleCell.xib */ = {isa = PBXFileReference; lastKnownFileType = file.xib; path = ProductDetailsTitleCell.xib; sourceTree = "<group>"; };
		929867A72A94AD1800E2DF59 /* ProductDetailsImageCell.swift */ = {isa = PBXFileReference; lastKnownFileType = sourcecode.swift; path = ProductDetailsImageCell.swift; sourceTree = "<group>"; };
		929867A82A94AD1800E2DF59 /* ProductDetailsImageCell.xib */ = {isa = PBXFileReference; lastKnownFileType = file.xib; path = ProductDetailsImageCell.xib; sourceTree = "<group>"; };
		929867AB2A94AD4700E2DF59 /* ProductDetailsDescriptionCell.swift */ = {isa = PBXFileReference; lastKnownFileType = sourcecode.swift; path = ProductDetailsDescriptionCell.swift; sourceTree = "<group>"; };
		929867AC2A94AD4700E2DF59 /* ProductDetailsDescriptionCell.xib */ = {isa = PBXFileReference; lastKnownFileType = file.xib; path = ProductDetailsDescriptionCell.xib; sourceTree = "<group>"; };
		929867AF2A94AD9000E2DF59 /* ProductDetailsBuynowCell.swift */ = {isa = PBXFileReference; lastKnownFileType = sourcecode.swift; path = ProductDetailsBuynowCell.swift; sourceTree = "<group>"; };
		929867B02A94AD9000E2DF59 /* ProductDetailsBuynowCell.xib */ = {isa = PBXFileReference; lastKnownFileType = file.xib; path = ProductDetailsBuynowCell.xib; sourceTree = "<group>"; };
		9299181A2A933A1700E379EA /* ProductDetailsController.swift */ = {isa = PBXFileReference; lastKnownFileType = sourcecode.swift; path = ProductDetailsController.swift; sourceTree = "<group>"; };
		9299181B2A933A1700E379EA /* ProductDetailsController.xib */ = {isa = PBXFileReference; lastKnownFileType = file.xib; path = ProductDetailsController.xib; sourceTree = "<group>"; };
		92A817112A935CE900341144 /* HomeViewModel.swift */ = {isa = PBXFileReference; lastKnownFileType = sourcecode.swift; path = HomeViewModel.swift; sourceTree = "<group>"; };
		92A817212A93888000341144 /* CategoryCollectionCell.swift */ = {isa = PBXFileReference; lastKnownFileType = sourcecode.swift; path = CategoryCollectionCell.swift; sourceTree = "<group>"; };
		92A817222A93888000341144 /* CategoryCollectionCell.xib */ = {isa = PBXFileReference; lastKnownFileType = file.xib; path = CategoryCollectionCell.xib; sourceTree = "<group>"; };
		92C2856F2A9274BF0043D1C6 /* ProductTableViewCell.swift */ = {isa = PBXFileReference; lastKnownFileType = sourcecode.swift; path = ProductTableViewCell.swift; sourceTree = "<group>"; };
		92C285702A9274BF0043D1C6 /* ProductTableViewCell.xib */ = {isa = PBXFileReference; lastKnownFileType = file.xib; path = ProductTableViewCell.xib; sourceTree = "<group>"; };
		92D6EB842A8E1EE200838A15 /* LoginViewController.swift */ = {isa = PBXFileReference; lastKnownFileType = sourcecode.swift; path = LoginViewController.swift; sourceTree = "<group>"; };
		92D6EB852A8E1EE200838A15 /* LoginViewController.xib */ = {isa = PBXFileReference; lastKnownFileType = file.xib; path = LoginViewController.xib; sourceTree = "<group>"; };
/* End PBXFileReference section */

/* Begin PBXFrameworksBuildPhase section */
		924449B02A8E192B00481CFD /* Frameworks */ = {
			isa = PBXFrameworksBuildPhase;
			buildActionMask = 2147483647;
			files = (
			);
			runOnlyForDeploymentPostprocessing = 0;
		};
		924449C62A8E192D00481CFD /* Frameworks */ = {
			isa = PBXFrameworksBuildPhase;
			buildActionMask = 2147483647;
			files = (
			);
			runOnlyForDeploymentPostprocessing = 0;
		};
		924449D02A8E192D00481CFD /* Frameworks */ = {
			isa = PBXFrameworksBuildPhase;
			buildActionMask = 2147483647;
			files = (
			);
			runOnlyForDeploymentPostprocessing = 0;
		};
/* End PBXFrameworksBuildPhase section */

/* Begin PBXGroup section */
		920FB77A2A94DE06007C5E8C /* ProductSepratorCell */ = {
			isa = PBXGroup;
			children = (
				920FB77B2A94DE2E007C5E8C /* SepratorCell.swift */,
				920FB77C2A94DE2E007C5E8C /* SepratorCell.xib */,
			);
			path = ProductSepratorCell;
			sourceTree = "<group>";
		};
		920FB77F2A950445007C5E8C /* CartPage */ = {
			isa = PBXGroup;
			children = (
				920FB7882A950509007C5E8C /* CartDetailscell */,
				920FB7962A95160D007C5E8C /* CartTotalCell */,
				920FB79F2A9516F5007C5E8C /* CartOrderCell */,
				920FB7842A9504AF007C5E8C /* CartViewController.swift */,
				920FB7852A9504AF007C5E8C /* CartViewController.xib */,
			);
			path = CartPage;
			sourceTree = "<group>";
		};
		920FB7882A950509007C5E8C /* CartDetailscell */ = {
			isa = PBXGroup;
			children = (
				920FB7972A951699007C5E8C /* ProductDetailsCartCell.swift */,
				920FB7982A951699007C5E8C /* ProductDetailsCartCell.xib */,
			);
			path = CartDetailscell;
			sourceTree = "<group>";
		};
		920FB7962A95160D007C5E8C /* CartTotalCell */ = {
			isa = PBXGroup;
			children = (
				920FB79B2A9516EA007C5E8C /* CartTotalCell.swift */,
				920FB79C2A9516EA007C5E8C /* CartTotalCell.xib */,
			);
			path = CartTotalCell;
			sourceTree = "<group>";
		};
		920FB79F2A9516F5007C5E8C /* CartOrderCell */ = {
			isa = PBXGroup;
			children = (
				920FB7A02A9517E2007C5E8C /* CartOrderCell.swift */,
				920FB7A12A9517E2007C5E8C /* CartOrderCell.xib */,
			);
			path = CartOrderCell;
			sourceTree = "<group>";
		};
		921363342A8E612F0035A751 /* HomePage */ = {
			isa = PBXGroup;
			children = (
				923DA9662A920427007016EA /* HomeMainViewController */,
				92A8171C2A9386C800341144 /* HomeCategoryViewcell */,
				9295244F2A8F35B7004C2089 /* HomeCollectionViewCell */,
				929C11D72A9147C300FB3382 /* SideMenuHomePage */,
			);
			path = HomePage;
			sourceTree = "<group>";
		};
		922FA9762A8E417400D30014 /* Register page */ = {
			isa = PBXGroup;
			children = (
				922FA9772A8E418D00D30014 /* RegisterViewController.swift */,
				922FA9782A8E418D00D30014 /* RegisterViewController.xib */,
			);
			path = "Register page";
			sourceTree = "<group>";
		};
		923DA9662A920427007016EA /* HomeMainViewController */ = {
			isa = PBXGroup;
			children = (
				923DA96B2A920749007016EA /* HomeViewController.swift */,
				923DA96C2A920749007016EA /* HomeViewController.xib */,
			);
			path = HomeMainViewController;
			sourceTree = "<group>";
		};
		923DA9712A922C5A007016EA /* SideMenuTableviewcell */ = {
			isa = PBXGroup;
			children = (
				923DA9772A923F7C007016EA /* CartCell */,
				923DA9762A923F57007016EA /* ReusableCell */,
			);
			path = SideMenuTableviewcell;
			sourceTree = "<group>";
		};
		923DA9762A923F57007016EA /* ReusableCell */ = {
			isa = PBXGroup;
			children = (
				923DA9722A922C9D007016EA /* SideMenuTableViewCell.swift */,
				923DA9732A922C9D007016EA /* SideMenuTableViewCell.xib */,
			);
			path = ReusableCell;
			sourceTree = "<group>";
		};
		923DA9772A923F7C007016EA /* CartCell */ = {
			isa = PBXGroup;
			children = (
				923DA9782A923FB2007016EA /* CartTableViewCell.swift */,
				923DA9792A923FB2007016EA /* CartTableViewCell.xib */,
			);
			path = CartCell;
			sourceTree = "<group>";
		};
		923DA97C2A925D43007016EA /* ProductPage */ = {
			isa = PBXGroup;
			children = (
				92C2856E2A9274990043D1C6 /* ProductViewCell */,
				923DA97D2A925D9A007016EA /* ProductViewController.swift */,
				923DA97E2A925D9A007016EA /* ProductViewController.xib */,
			);
			path = ProductPage;
			sourceTree = "<group>";
		};
		924449AA2A8E192B00481CFD = {
			isa = PBXGroup;
			children = (
				924449B52A8E192B00481CFD /* Neostore */,
				924449CC2A8E192D00481CFD /* NeostoreTests */,
				924449D62A8E192D00481CFD /* NeostoreUITests */,
				924449B42A8E192B00481CFD /* Products */,
			);
			sourceTree = "<group>";
		};
		924449B42A8E192B00481CFD /* Products */ = {
			isa = PBXGroup;
			children = (
				924449B32A8E192B00481CFD /* Neostore.app */,
				924449C92A8E192D00481CFD /* NeostoreTests.xctest */,
				924449D32A8E192D00481CFD /* NeostoreUITests.xctest */,
			);
			name = Products;
			sourceTree = "<group>";
		};
		924449B52A8E192B00481CFD /* Neostore */ = {
			isa = PBXGroup;
			children = (
				92D6EB7E2A8E1DF800838A15 /* Application */,
				92D6EB7D2A8E1DC100838A15 /* Model */,
				92A8170E2A93573B00341144 /* ViewModel */,
				92D6EB7B2A8E1DC000838A15 /* View */,
				924449BF2A8E192C00481CFD /* Assets.xcassets */,
				924449C12A8E192D00481CFD /* LaunchScreen.storyboard */,
				924449C42A8E192D00481CFD /* Info.plist */,
			);
			path = Neostore;
			sourceTree = "<group>";
		};
		924449CC2A8E192D00481CFD /* NeostoreTests */ = {
			isa = PBXGroup;
			children = (
				924449CD2A8E192D00481CFD /* NeostoreTests.swift */,
			);
			path = NeostoreTests;
			sourceTree = "<group>";
		};
		924449D62A8E192D00481CFD /* NeostoreUITests */ = {
			isa = PBXGroup;
			children = (
				924449D72A8E192D00481CFD /* NeostoreUITests.swift */,
				924449D92A8E192D00481CFD /* NeostoreUITestsLaunchTests.swift */,
			);
			path = NeostoreUITests;
			sourceTree = "<group>";
		};
		9295244F2A8F35B7004C2089 /* HomeCollectionViewCell */ = {
			isa = PBXGroup;
			children = (
				929524502A8F3608004C2089 /* HomeCollectionViewCell.swift */,
				929524512A8F3608004C2089 /* HomeCollectionViewCell.xib */,
			);
			path = HomeCollectionViewCell;
			sourceTree = "<group>";
		};
		9298679F2A94ABD600E2DF59 /* ProductTitleCell */ = {
			isa = PBXGroup;
			children = (
				929867A32A94ACF400E2DF59 /* ProductDetailsTitleCell.swift */,
				929867A42A94ACF400E2DF59 /* ProductDetailsTitleCell.xib */,
			);
			path = ProductTitleCell;
			sourceTree = "<group>";
		};
		929867A02A94AC4B00E2DF59 /* ProductImageCell */ = {
			isa = PBXGroup;
			children = (
				929867A72A94AD1800E2DF59 /* ProductDetailsImageCell.swift */,
				929867A82A94AD1800E2DF59 /* ProductDetailsImageCell.xib */,
			);
			path = ProductImageCell;
			sourceTree = "<group>";
		};
		929867A12A94AC7000E2DF59 /* ProductDescriptionCell */ = {
			isa = PBXGroup;
			children = (
				929867AB2A94AD4700E2DF59 /* ProductDetailsDescriptionCell.swift */,
				929867AC2A94AD4700E2DF59 /* ProductDetailsDescriptionCell.xib */,
			);
			path = ProductDescriptionCell;
			sourceTree = "<group>";
		};
		929867A22A94AC8400E2DF59 /* ProductBynowPageCell */ = {
			isa = PBXGroup;
			children = (
				929867AF2A94AD9000E2DF59 /* ProductDetailsBuynowCell.swift */,
				929867B02A94AD9000E2DF59 /* ProductDetailsBuynowCell.xib */,
			);
			path = ProductBynowPageCell;
			sourceTree = "<group>";
		};
		929918192A9339D700E379EA /* ProductDetailsPage */ = {
			isa = PBXGroup;
			children = (
				9298679F2A94ABD600E2DF59 /* ProductTitleCell */,
				929867A02A94AC4B00E2DF59 /* ProductImageCell */,
				929867A12A94AC7000E2DF59 /* ProductDescriptionCell */,
				929867A22A94AC8400E2DF59 /* ProductBynowPageCell */,
				920FB77A2A94DE06007C5E8C /* ProductSepratorCell */,
				9299181A2A933A1700E379EA /* ProductDetailsController.swift */,
				9299181B2A933A1700E379EA /* ProductDetailsController.xib */,
			);
			path = ProductDetailsPage;
			sourceTree = "<group>";
		};
		929C11D72A9147C300FB3382 /* SideMenuHomePage */ = {
			isa = PBXGroup;
			children = (
				923DA9622A9203F4007016EA /* SideMenuViewController.swift */,
				923DA9632A9203F4007016EA /* SideMenuViewController.xib */,
				923DA9712A922C5A007016EA /* SideMenuTableviewcell */,
			);
			path = SideMenuHomePage;
			sourceTree = "<group>";
		};
		92A8170E2A93573B00341144 /* ViewModel */ = {
			isa = PBXGroup;
			children = (
				92A817112A935CE900341144 /* HomeViewModel.swift */,
			);
			path = ViewModel;
			sourceTree = "<group>";
		};
		92A8171C2A9386C800341144 /* HomeCategoryViewcell */ = {
			isa = PBXGroup;
			children = (
				92A817212A93888000341144 /* CategoryCollectionCell.swift */,
				92A817222A93888000341144 /* CategoryCollectionCell.xib */,
			);
			path = HomeCategoryViewcell;
			sourceTree = "<group>";
		};
		92C2856E2A9274990043D1C6 /* ProductViewCell */ = {
			isa = PBXGroup;
			children = (
				92C2856F2A9274BF0043D1C6 /* ProductTableViewCell.swift */,
				92C285702A9274BF0043D1C6 /* ProductTableViewCell.xib */,
			);
			path = ProductViewCell;
			sourceTree = "<group>";
		};
		92D6EB7B2A8E1DC000838A15 /* View */ = {
			isa = PBXGroup;
			children = (
				92D6EB822A8E1EBC00838A15 /* Pages */,
			);
			path = View;
			sourceTree = "<group>";
		};
		92D6EB7D2A8E1DC100838A15 /* Model */ = {
			isa = PBXGroup;
			children = (
			);
			path = Model;
			sourceTree = "<group>";
		};
		92D6EB7E2A8E1DF800838A15 /* Application */ = {
			isa = PBXGroup;
			children = (
				924449BA2A8E192B00481CFD /* ViewController.swift */,
				924449BC2A8E192B00481CFD /* Main.storyboard */,
				924449B62A8E192B00481CFD /* AppDelegate.swift */,
				924449B82A8E192B00481CFD /* SceneDelegate.swift */,
			);
			path = Application;
			sourceTree = "<group>";
		};
		92D6EB822A8E1EBC00838A15 /* Pages */ = {
			isa = PBXGroup;
			children = (
				92D6EB832A8E1EC500838A15 /* login page */,
				922FA9762A8E417400D30014 /* Register page */,
				921363342A8E612F0035A751 /* HomePage */,
				923DA97C2A925D43007016EA /* ProductPage */,
				929918192A9339D700E379EA /* ProductDetailsPage */,
				920FB77F2A950445007C5E8C /* CartPage */,
			);
			path = Pages;
			sourceTree = "<group>";
		};
		92D6EB832A8E1EC500838A15 /* login page */ = {
			isa = PBXGroup;
			children = (
				92D6EB842A8E1EE200838A15 /* LoginViewController.swift */,
				92D6EB852A8E1EE200838A15 /* LoginViewController.xib */,
			);
			path = "login page";
			sourceTree = "<group>";
		};
/* End PBXGroup section */

/* Begin PBXNativeTarget section */
		924449B22A8E192B00481CFD /* Neostore */ = {
			isa = PBXNativeTarget;
			buildConfigurationList = 924449DD2A8E192D00481CFD /* Build configuration list for PBXNativeTarget "Neostore" */;
			buildPhases = (
				924449AF2A8E192B00481CFD /* Sources */,
				924449B02A8E192B00481CFD /* Frameworks */,
				924449B12A8E192B00481CFD /* Resources */,
			);
			buildRules = (
			);
			dependencies = (
			);
			name = Neostore;
			productName = Neostore;
			productReference = 924449B32A8E192B00481CFD /* Neostore.app */;
			productType = "com.apple.product-type.application";
		};
		924449C82A8E192D00481CFD /* NeostoreTests */ = {
			isa = PBXNativeTarget;
			buildConfigurationList = 924449E02A8E192D00481CFD /* Build configuration list for PBXNativeTarget "NeostoreTests" */;
			buildPhases = (
				924449C52A8E192D00481CFD /* Sources */,
				924449C62A8E192D00481CFD /* Frameworks */,
				924449C72A8E192D00481CFD /* Resources */,
			);
			buildRules = (
			);
			dependencies = (
				924449CB2A8E192D00481CFD /* PBXTargetDependency */,
			);
			name = NeostoreTests;
			productName = NeostoreTests;
			productReference = 924449C92A8E192D00481CFD /* NeostoreTests.xctest */;
			productType = "com.apple.product-type.bundle.unit-test";
		};
		924449D22A8E192D00481CFD /* NeostoreUITests */ = {
			isa = PBXNativeTarget;
			buildConfigurationList = 924449E32A8E192D00481CFD /* Build configuration list for PBXNativeTarget "NeostoreUITests" */;
			buildPhases = (
				924449CF2A8E192D00481CFD /* Sources */,
				924449D02A8E192D00481CFD /* Frameworks */,
				924449D12A8E192D00481CFD /* Resources */,
			);
			buildRules = (
			);
			dependencies = (
				924449D52A8E192D00481CFD /* PBXTargetDependency */,
			);
			name = NeostoreUITests;
			productName = NeostoreUITests;
			productReference = 924449D32A8E192D00481CFD /* NeostoreUITests.xctest */;
			productType = "com.apple.product-type.bundle.ui-testing";
		};
/* End PBXNativeTarget section */

/* Begin PBXProject section */
		924449AB2A8E192B00481CFD /* Project object */ = {
			isa = PBXProject;
			attributes = {
				BuildIndependentTargetsInParallel = 1;
				LastSwiftUpdateCheck = 1410;
				LastUpgradeCheck = 1410;
				TargetAttributes = {
					924449B22A8E192B00481CFD = {
						CreatedOnToolsVersion = 14.1;
					};
					924449C82A8E192D00481CFD = {
						CreatedOnToolsVersion = 14.1;
						TestTargetID = 924449B22A8E192B00481CFD;
					};
					924449D22A8E192D00481CFD = {
						CreatedOnToolsVersion = 14.1;
						TestTargetID = 924449B22A8E192B00481CFD;
					};
				};
			};
			buildConfigurationList = 924449AE2A8E192B00481CFD /* Build configuration list for PBXProject "Neostore" */;
			compatibilityVersion = "Xcode 14.0";
			developmentRegion = en;
			hasScannedForEncodings = 0;
			knownRegions = (
				en,
				Base,
			);
			mainGroup = 924449AA2A8E192B00481CFD;
			productRefGroup = 924449B42A8E192B00481CFD /* Products */;
			projectDirPath = "";
			projectRoot = "";
			targets = (
				924449B22A8E192B00481CFD /* Neostore */,
				924449C82A8E192D00481CFD /* NeostoreTests */,
				924449D22A8E192D00481CFD /* NeostoreUITests */,
			);
		};
/* End PBXProject section */

/* Begin PBXResourcesBuildPhase section */
		924449B12A8E192B00481CFD /* Resources */ = {
			isa = PBXResourcesBuildPhase;
			buildActionMask = 2147483647;
			files = (
				929867B22A94AD9000E2DF59 /* ProductDetailsBuynowCell.xib in Resources */,
				92D6EB872A8E1EE200838A15 /* LoginViewController.xib in Resources */,
				92C285722A9274BF0043D1C6 /* ProductTableViewCell.xib in Resources */,
				922FA97A2A8E418D00D30014 /* RegisterViewController.xib in Resources */,
				929867A62A94ACF400E2DF59 /* ProductDetailsTitleCell.xib in Resources */,
				9299181D2A933A1700E379EA /* ProductDetailsController.xib in Resources */,
				924449C32A8E192D00481CFD /* LaunchScreen.storyboard in Resources */,
				929867AA2A94AD1800E2DF59 /* ProductDetailsImageCell.xib in Resources */,
				920FB7872A9504AF007C5E8C /* CartViewController.xib in Resources */,
				924449C02A8E192D00481CFD /* Assets.xcassets in Resources */,
				929524532A8F3608004C2089 /* HomeCollectionViewCell.xib in Resources */,
				920FB7A32A9517E2007C5E8C /* CartOrderCell.xib in Resources */,
				920FB77E2A94DE2E007C5E8C /* SepratorCell.xib in Resources */,
				923DA97B2A923FB2007016EA /* CartTableViewCell.xib in Resources */,
				920FB79A2A951699007C5E8C /* ProductDetailsCartCell.xib in Resources */,
				920FB79E2A9516EA007C5E8C /* CartTotalCell.xib in Resources */,
				924449BE2A8E192B00481CFD /* Main.storyboard in Resources */,
				923DA9802A925D9A007016EA /* ProductViewController.xib in Resources */,
				923DA9752A922C9D007016EA /* SideMenuTableViewCell.xib in Resources */,
				923DA9652A9203F4007016EA /* SideMenuViewController.xib in Resources */,
				923DA96E2A920749007016EA /* HomeViewController.xib in Resources */,
				92A817242A93888000341144 /* CategoryCollectionCell.xib in Resources */,
				929867AE2A94AD4700E2DF59 /* ProductDetailsDescriptionCell.xib in Resources */,
			);
			runOnlyForDeploymentPostprocessing = 0;
		};
		924449C72A8E192D00481CFD /* Resources */ = {
			isa = PBXResourcesBuildPhase;
			buildActionMask = 2147483647;
			files = (
			);
			runOnlyForDeploymentPostprocessing = 0;
		};
		924449D12A8E192D00481CFD /* Resources */ = {
			isa = PBXResourcesBuildPhase;
			buildActionMask = 2147483647;
			files = (
			);
			runOnlyForDeploymentPostprocessing = 0;
		};
/* End PBXResourcesBuildPhase section */

/* Begin PBXSourcesBuildPhase section */
		924449AF2A8E192B00481CFD /* Sources */ = {
			isa = PBXSourcesBuildPhase;
			buildActionMask = 2147483647;
			files = (
				92A817232A93888000341144 /* CategoryCollectionCell.swift in Sources */,
				929867A52A94ACF400E2DF59 /* ProductDetailsTitleCell.swift in Sources */,
				929867A92A94AD1800E2DF59 /* ProductDetailsImageCell.swift in Sources */,
				929867AD2A94AD4700E2DF59 /* ProductDetailsDescriptionCell.swift in Sources */,
				929867B12A94AD9000E2DF59 /* ProductDetailsBuynowCell.swift in Sources */,
				929524522A8F3608004C2089 /* HomeCollectionViewCell.swift in Sources */,
				9299181C2A933A1700E379EA /* ProductDetailsController.swift in Sources */,
				92D6EB862A8E1EE200838A15 /* LoginViewController.swift in Sources */,
				922FA9792A8E418D00D30014 /* RegisterViewController.swift in Sources */,
				920FB77D2A94DE2E007C5E8C /* SepratorCell.swift in Sources */,
				923DA97F2A925D9A007016EA /* ProductViewController.swift in Sources */,
				923DA96D2A920749007016EA /* HomeViewController.swift in Sources */,
				920FB7A22A9517E2007C5E8C /* CartOrderCell.swift in Sources */,
				92C285712A9274BF0043D1C6 /* ProductTableViewCell.swift in Sources */,
				924449BB2A8E192B00481CFD /* ViewController.swift in Sources */,
				924449B72A8E192B00481CFD /* AppDelegate.swift in Sources */,
				92A817122A935CE900341144 /* HomeViewModel.swift in Sources */,
				920FB7992A951699007C5E8C /* ProductDetailsCartCell.swift in Sources */,
				920FB79D2A9516EA007C5E8C /* CartTotalCell.swift in Sources */,
				920FB7862A9504AF007C5E8C /* CartViewController.swift in Sources */,
				923DA9742A922C9D007016EA /* SideMenuTableViewCell.swift in Sources */,
				923DA97A2A923FB2007016EA /* CartTableViewCell.swift in Sources */,
				923DA9642A9203F4007016EA /* SideMenuViewController.swift in Sources */,
				924449B92A8E192B00481CFD /* SceneDelegate.swift in Sources */,
			);
			runOnlyForDeploymentPostprocessing = 0;
		};
		924449C52A8E192D00481CFD /* Sources */ = {
			isa = PBXSourcesBuildPhase;
			buildActionMask = 2147483647;
			files = (
				924449CE2A8E192D00481CFD /* NeostoreTests.swift in Sources */,
			);
			runOnlyForDeploymentPostprocessing = 0;
		};
		924449CF2A8E192D00481CFD /* Sources */ = {
			isa = PBXSourcesBuildPhase;
			buildActionMask = 2147483647;
			files = (
				924449DA2A8E192D00481CFD /* NeostoreUITestsLaunchTests.swift in Sources */,
				924449D82A8E192D00481CFD /* NeostoreUITests.swift in Sources */,
			);
			runOnlyForDeploymentPostprocessing = 0;
		};
/* End PBXSourcesBuildPhase section */

/* Begin PBXTargetDependency section */
		924449CB2A8E192D00481CFD /* PBXTargetDependency */ = {
			isa = PBXTargetDependency;
			target = 924449B22A8E192B00481CFD /* Neostore */;
			targetProxy = 924449CA2A8E192D00481CFD /* PBXContainerItemProxy */;
		};
		924449D52A8E192D00481CFD /* PBXTargetDependency */ = {
			isa = PBXTargetDependency;
			target = 924449B22A8E192B00481CFD /* Neostore */;
			targetProxy = 924449D42A8E192D00481CFD /* PBXContainerItemProxy */;
		};
/* End PBXTargetDependency section */

/* Begin PBXVariantGroup section */
		924449BC2A8E192B00481CFD /* Main.storyboard */ = {
			isa = PBXVariantGroup;
			children = (
				924449BD2A8E192B00481CFD /* Base */,
			);
			name = Main.storyboard;
			sourceTree = "<group>";
		};
		924449C12A8E192D00481CFD /* LaunchScreen.storyboard */ = {
			isa = PBXVariantGroup;
			children = (
				924449C22A8E192D00481CFD /* Base */,
			);
			name = LaunchScreen.storyboard;
			sourceTree = "<group>";
		};
/* End PBXVariantGroup section */

/* Begin XCBuildConfiguration section */
		924449DB2A8E192D00481CFD /* Debug */ = {
			isa = XCBuildConfiguration;
			buildSettings = {
				ALWAYS_SEARCH_USER_PATHS = NO;
				CLANG_ANALYZER_NONNULL = YES;
				CLANG_ANALYZER_NUMBER_OBJECT_CONVERSION = YES_AGGRESSIVE;
				CLANG_CXX_LANGUAGE_STANDARD = "gnu++20";
				CLANG_ENABLE_MODULES = YES;
				CLANG_ENABLE_OBJC_ARC = YES;
				CLANG_ENABLE_OBJC_WEAK = YES;
				CLANG_WARN_BLOCK_CAPTURE_AUTORELEASING = YES;
				CLANG_WARN_BOOL_CONVERSION = YES;
				CLANG_WARN_COMMA = YES;
				CLANG_WARN_CONSTANT_CONVERSION = YES;
				CLANG_WARN_DEPRECATED_OBJC_IMPLEMENTATIONS = YES;
				CLANG_WARN_DIRECT_OBJC_ISA_USAGE = YES_ERROR;
				CLANG_WARN_DOCUMENTATION_COMMENTS = YES;
				CLANG_WARN_EMPTY_BODY = YES;
				CLANG_WARN_ENUM_CONVERSION = YES;
				CLANG_WARN_INFINITE_RECURSION = YES;
				CLANG_WARN_INT_CONVERSION = YES;
				CLANG_WARN_NON_LITERAL_NULL_CONVERSION = YES;
				CLANG_WARN_OBJC_IMPLICIT_RETAIN_SELF = YES;
				CLANG_WARN_OBJC_LITERAL_CONVERSION = YES;
				CLANG_WARN_OBJC_ROOT_CLASS = YES_ERROR;
				CLANG_WARN_QUOTED_INCLUDE_IN_FRAMEWORK_HEADER = YES;
				CLANG_WARN_RANGE_LOOP_ANALYSIS = YES;
				CLANG_WARN_STRICT_PROTOTYPES = YES;
				CLANG_WARN_SUSPICIOUS_MOVE = YES;
				CLANG_WARN_UNGUARDED_AVAILABILITY = YES_AGGRESSIVE;
				CLANG_WARN_UNREACHABLE_CODE = YES;
				CLANG_WARN__DUPLICATE_METHOD_MATCH = YES;
				COPY_PHASE_STRIP = NO;
				DEBUG_INFORMATION_FORMAT = dwarf;
				ENABLE_STRICT_OBJC_MSGSEND = YES;
				ENABLE_TESTABILITY = YES;
				GCC_C_LANGUAGE_STANDARD = gnu11;
				GCC_DYNAMIC_NO_PIC = NO;
				GCC_NO_COMMON_BLOCKS = YES;
				GCC_OPTIMIZATION_LEVEL = 0;
				GCC_PREPROCESSOR_DEFINITIONS = (
					"DEBUG=1",
					"$(inherited)",
				);
				GCC_WARN_64_TO_32_BIT_CONVERSION = YES;
				GCC_WARN_ABOUT_RETURN_TYPE = YES_ERROR;
				GCC_WARN_UNDECLARED_SELECTOR = YES;
				GCC_WARN_UNINITIALIZED_AUTOS = YES_AGGRESSIVE;
				GCC_WARN_UNUSED_FUNCTION = YES;
				GCC_WARN_UNUSED_VARIABLE = YES;
				IPHONEOS_DEPLOYMENT_TARGET = 16.1;
				MTL_ENABLE_DEBUG_INFO = INCLUDE_SOURCE;
				MTL_FAST_MATH = YES;
				ONLY_ACTIVE_ARCH = YES;
				SDKROOT = iphoneos;
				SWIFT_ACTIVE_COMPILATION_CONDITIONS = DEBUG;
				SWIFT_OPTIMIZATION_LEVEL = "-Onone";
			};
			name = Debug;
		};
		924449DC2A8E192D00481CFD /* Release */ = {
			isa = XCBuildConfiguration;
			buildSettings = {
				ALWAYS_SEARCH_USER_PATHS = NO;
				CLANG_ANALYZER_NONNULL = YES;
				CLANG_ANALYZER_NUMBER_OBJECT_CONVERSION = YES_AGGRESSIVE;
				CLANG_CXX_LANGUAGE_STANDARD = "gnu++20";
				CLANG_ENABLE_MODULES = YES;
				CLANG_ENABLE_OBJC_ARC = YES;
				CLANG_ENABLE_OBJC_WEAK = YES;
				CLANG_WARN_BLOCK_CAPTURE_AUTORELEASING = YES;
				CLANG_WARN_BOOL_CONVERSION = YES;
				CLANG_WARN_COMMA = YES;
				CLANG_WARN_CONSTANT_CONVERSION = YES;
				CLANG_WARN_DEPRECATED_OBJC_IMPLEMENTATIONS = YES;
				CLANG_WARN_DIRECT_OBJC_ISA_USAGE = YES_ERROR;
				CLANG_WARN_DOCUMENTATION_COMMENTS = YES;
				CLANG_WARN_EMPTY_BODY = YES;
				CLANG_WARN_ENUM_CONVERSION = YES;
				CLANG_WARN_INFINITE_RECURSION = YES;
				CLANG_WARN_INT_CONVERSION = YES;
				CLANG_WARN_NON_LITERAL_NULL_CONVERSION = YES;
				CLANG_WARN_OBJC_IMPLICIT_RETAIN_SELF = YES;
				CLANG_WARN_OBJC_LITERAL_CONVERSION = YES;
				CLANG_WARN_OBJC_ROOT_CLASS = YES_ERROR;
				CLANG_WARN_QUOTED_INCLUDE_IN_FRAMEWORK_HEADER = YES;
				CLANG_WARN_RANGE_LOOP_ANALYSIS = YES;
				CLANG_WARN_STRICT_PROTOTYPES = YES;
				CLANG_WARN_SUSPICIOUS_MOVE = YES;
				CLANG_WARN_UNGUARDED_AVAILABILITY = YES_AGGRESSIVE;
				CLANG_WARN_UNREACHABLE_CODE = YES;
				CLANG_WARN__DUPLICATE_METHOD_MATCH = YES;
				COPY_PHASE_STRIP = NO;
				DEBUG_INFORMATION_FORMAT = "dwarf-with-dsym";
				ENABLE_NS_ASSERTIONS = NO;
				ENABLE_STRICT_OBJC_MSGSEND = YES;
				GCC_C_LANGUAGE_STANDARD = gnu11;
				GCC_NO_COMMON_BLOCKS = YES;
				GCC_WARN_64_TO_32_BIT_CONVERSION = YES;
				GCC_WARN_ABOUT_RETURN_TYPE = YES_ERROR;
				GCC_WARN_UNDECLARED_SELECTOR = YES;
				GCC_WARN_UNINITIALIZED_AUTOS = YES_AGGRESSIVE;
				GCC_WARN_UNUSED_FUNCTION = YES;
				GCC_WARN_UNUSED_VARIABLE = YES;
				IPHONEOS_DEPLOYMENT_TARGET = 16.1;
				MTL_ENABLE_DEBUG_INFO = NO;
				MTL_FAST_MATH = YES;
				SDKROOT = iphoneos;
				SWIFT_COMPILATION_MODE = wholemodule;
				SWIFT_OPTIMIZATION_LEVEL = "-O";
				VALIDATE_PRODUCT = YES;
			};
			name = Release;
		};
		924449DE2A8E192D00481CFD /* Debug */ = {
			isa = XCBuildConfiguration;
			buildSettings = {
				ASSETCATALOG_COMPILER_APPICON_NAME = AppIcon;
				ASSETCATALOG_COMPILER_GLOBAL_ACCENT_COLOR_NAME = AccentColor;
				CODE_SIGN_STYLE = Automatic;
				CURRENT_PROJECT_VERSION = 1;
				GENERATE_INFOPLIST_FILE = YES;
				INFOPLIST_FILE = Neostore/Info.plist;
				INFOPLIST_KEY_UIApplicationSupportsIndirectInputEvents = YES;
				INFOPLIST_KEY_UILaunchStoryboardName = LaunchScreen;
				INFOPLIST_KEY_UIMainStoryboardFile = Main;
				INFOPLIST_KEY_UISupportedInterfaceOrientations_iPad = "UIInterfaceOrientationPortrait UIInterfaceOrientationPortraitUpsideDown UIInterfaceOrientationLandscapeLeft UIInterfaceOrientationLandscapeRight";
				INFOPLIST_KEY_UISupportedInterfaceOrientations_iPhone = "UIInterfaceOrientationPortrait UIInterfaceOrientationLandscapeLeft UIInterfaceOrientationLandscapeRight";
				LD_RUNPATH_SEARCH_PATHS = (
					"$(inherited)",
					"@executable_path/Frameworks",
				);
				MARKETING_VERSION = 1.0;
				PRODUCT_BUNDLE_IDENTIFIER = abc.test.Neostore;
				PRODUCT_NAME = "$(TARGET_NAME)";
				SWIFT_EMIT_LOC_STRINGS = YES;
				SWIFT_VERSION = 5.0;
				TARGETED_DEVICE_FAMILY = "1,2";
			};
			name = Debug;
		};
		924449DF2A8E192D00481CFD /* Release */ = {
			isa = XCBuildConfiguration;
			buildSettings = {
				ASSETCATALOG_COMPILER_APPICON_NAME = AppIcon;
				ASSETCATALOG_COMPILER_GLOBAL_ACCENT_COLOR_NAME = AccentColor;
				CODE_SIGN_STYLE = Automatic;
				CURRENT_PROJECT_VERSION = 1;
				GENERATE_INFOPLIST_FILE = YES;
				INFOPLIST_FILE = Neostore/Info.plist;
				INFOPLIST_KEY_UIApplicationSupportsIndirectInputEvents = YES;
				INFOPLIST_KEY_UILaunchStoryboardName = LaunchScreen;
				INFOPLIST_KEY_UIMainStoryboardFile = Main;
				INFOPLIST_KEY_UISupportedInterfaceOrientations_iPad = "UIInterfaceOrientationPortrait UIInterfaceOrientationPortraitUpsideDown UIInterfaceOrientationLandscapeLeft UIInterfaceOrientationLandscapeRight";
				INFOPLIST_KEY_UISupportedInterfaceOrientations_iPhone = "UIInterfaceOrientationPortrait UIInterfaceOrientationLandscapeLeft UIInterfaceOrientationLandscapeRight";
				LD_RUNPATH_SEARCH_PATHS = (
					"$(inherited)",
					"@executable_path/Frameworks",
				);
				MARKETING_VERSION = 1.0;
				PRODUCT_BUNDLE_IDENTIFIER = abc.test.Neostore;
				PRODUCT_NAME = "$(TARGET_NAME)";
				SWIFT_EMIT_LOC_STRINGS = YES;
				SWIFT_VERSION = 5.0;
				TARGETED_DEVICE_FAMILY = "1,2";
			};
			name = Release;
		};
		924449E12A8E192D00481CFD /* Debug */ = {
			isa = XCBuildConfiguration;
			buildSettings = {
				ALWAYS_EMBED_SWIFT_STANDARD_LIBRARIES = YES;
				BUNDLE_LOADER = "$(TEST_HOST)";
				CODE_SIGN_STYLE = Automatic;
				CURRENT_PROJECT_VERSION = 1;
				GENERATE_INFOPLIST_FILE = YES;
				IPHONEOS_DEPLOYMENT_TARGET = 16.1;
				MARKETING_VERSION = 1.0;
				PRODUCT_BUNDLE_IDENTIFIER = abc.test.NeostoreTests;
				PRODUCT_NAME = "$(TARGET_NAME)";
				SWIFT_EMIT_LOC_STRINGS = NO;
				SWIFT_VERSION = 5.0;
				TARGETED_DEVICE_FAMILY = "1,2";
				TEST_HOST = "$(BUILT_PRODUCTS_DIR)/Neostore.app/$(BUNDLE_EXECUTABLE_FOLDER_PATH)/Neostore";
			};
			name = Debug;
		};
		924449E22A8E192D00481CFD /* Release */ = {
			isa = XCBuildConfiguration;
			buildSettings = {
				ALWAYS_EMBED_SWIFT_STANDARD_LIBRARIES = YES;
				BUNDLE_LOADER = "$(TEST_HOST)";
				CODE_SIGN_STYLE = Automatic;
				CURRENT_PROJECT_VERSION = 1;
				GENERATE_INFOPLIST_FILE = YES;
				IPHONEOS_DEPLOYMENT_TARGET = 16.1;
				MARKETING_VERSION = 1.0;
				PRODUCT_BUNDLE_IDENTIFIER = abc.test.NeostoreTests;
				PRODUCT_NAME = "$(TARGET_NAME)";
				SWIFT_EMIT_LOC_STRINGS = NO;
				SWIFT_VERSION = 5.0;
				TARGETED_DEVICE_FAMILY = "1,2";
				TEST_HOST = "$(BUILT_PRODUCTS_DIR)/Neostore.app/$(BUNDLE_EXECUTABLE_FOLDER_PATH)/Neostore";
			};
			name = Release;
		};
		924449E42A8E192D00481CFD /* Debug */ = {
			isa = XCBuildConfiguration;
			buildSettings = {
				ALWAYS_EMBED_SWIFT_STANDARD_LIBRARIES = YES;
				CODE_SIGN_STYLE = Automatic;
				CURRENT_PROJECT_VERSION = 1;
				GENERATE_INFOPLIST_FILE = YES;
				MARKETING_VERSION = 1.0;
				PRODUCT_BUNDLE_IDENTIFIER = abc.test.NeostoreUITests;
				PRODUCT_NAME = "$(TARGET_NAME)";
				SWIFT_EMIT_LOC_STRINGS = NO;
				SWIFT_VERSION = 5.0;
				TARGETED_DEVICE_FAMILY = "1,2";
				TEST_TARGET_NAME = Neostore;
			};
			name = Debug;
		};
		924449E52A8E192D00481CFD /* Release */ = {
			isa = XCBuildConfiguration;
			buildSettings = {
				ALWAYS_EMBED_SWIFT_STANDARD_LIBRARIES = YES;
				CODE_SIGN_STYLE = Automatic;
				CURRENT_PROJECT_VERSION = 1;
				GENERATE_INFOPLIST_FILE = YES;
				MARKETING_VERSION = 1.0;
				PRODUCT_BUNDLE_IDENTIFIER = abc.test.NeostoreUITests;
				PRODUCT_NAME = "$(TARGET_NAME)";
				SWIFT_EMIT_LOC_STRINGS = NO;
				SWIFT_VERSION = 5.0;
				TARGETED_DEVICE_FAMILY = "1,2";
				TEST_TARGET_NAME = Neostore;
			};
			name = Release;
		};
/* End XCBuildConfiguration section */

/* Begin XCConfigurationList section */
		924449AE2A8E192B00481CFD /* Build configuration list for PBXProject "Neostore" */ = {
			isa = XCConfigurationList;
			buildConfigurations = (
				924449DB2A8E192D00481CFD /* Debug */,
				924449DC2A8E192D00481CFD /* Release */,
			);
			defaultConfigurationIsVisible = 0;
			defaultConfigurationName = Release;
		};
		924449DD2A8E192D00481CFD /* Build configuration list for PBXNativeTarget "Neostore" */ = {
			isa = XCConfigurationList;
			buildConfigurations = (
				924449DE2A8E192D00481CFD /* Debug */,
				924449DF2A8E192D00481CFD /* Release */,
			);
			defaultConfigurationIsVisible = 0;
			defaultConfigurationName = Release;
		};
		924449E02A8E192D00481CFD /* Build configuration list for PBXNativeTarget "NeostoreTests" */ = {
			isa = XCConfigurationList;
			buildConfigurations = (
				924449E12A8E192D00481CFD /* Debug */,
				924449E22A8E192D00481CFD /* Release */,
			);
			defaultConfigurationIsVisible = 0;
			defaultConfigurationName = Release;
		};
		924449E32A8E192D00481CFD /* Build configuration list for PBXNativeTarget "NeostoreUITests" */ = {
			isa = XCConfigurationList;
			buildConfigurations = (
				924449E42A8E192D00481CFD /* Debug */,
				924449E52A8E192D00481CFD /* Release */,
			);
			defaultConfigurationIsVisible = 0;
			defaultConfigurationName = Release;
		};
/* End XCConfigurationList section */
	};
	rootObject = 924449AB2A8E192B00481CFD /* Project object */;
}
